{
  "object": {
    "pins": [
      {
        "package": "CZHttpFileCache",
        "repositoryURL": "https://github.com/geekaurora/CZHttpFileCache.git",
        "state": {
          "branch": null,
          "revision": "a43d1d1c223556ac65b7f6b3c7696c3cddf9d8a5",
          "version": "2.0.0"
        }
      },
      {
        "package": "CZNetworking",
        "repositoryURL": "https://github.com/geekaurora/CZNetworking.git",
        "state": {
          "branch": null,
          "revision": "881425e8570ee496c5de4172abd858fddfa6209c",
          "version": "3.2.3"
        }
      },
      {
        "package": "CZUtils",
        "repositoryURL": "https://github.com/geekaurora/CZUtils.git",
        "state": {
          "branch": null,
          "revision": "36e26987fe4e09646a1df2d0149155a37fbea286",
          "version": "3.4.6"
        }
      }
    ]
  },
  "version": 1
}
