// !$*UTF8*$!
{
	archiveVersion = 1;
	classes = {
	};
	objectVersion = 56;
	objects = {

/* Begin PBXBuildFile section */
		DF3371032D6965EE002C3489 /* WebImageAsyncAwaitDemoApp.swift in Sources */ = {isa = PBXBuildFile; fileRef = DF3371022D6965EE002C3489 /* WebImageAsyncAwaitDemoApp.swift */; };
		DF3371052D6965EE002C3489 /* ContentView.swift in Sources */ = {isa = PBXBuildFile; fileRef = DF3371042D6965EE002C3489 /* ContentView.swift */; };
		DF3371072D6965F0002C3489 /* Assets.xcassets in Resources */ = {isa = PBXBuildFile; fileRef = DF3371062D6965F0002C3489 /* Assets.xcassets */; };
		DF33710A2D6965F0002C3489 /* Preview Assets.xcassets in Resources */ = {isa = PBXBuildFile; fileRef = DF3371092D6965F0002C3489 /* Preview Assets.xcassets */; };
		DF3371142D6965F1002C3489 /* WebImageAsyncAwaitDemoTests.swift in Sources */ = {isa = PBXBuildFile; fileRef = DF3371132D6965F1002C3489 /* WebImageAsyncAwaitDemoTests.swift */; };
		DF33711E2D6965F1002C3489 /* WebImageAsyncAwaitDemoUITests.swift in Sources */ = {isa = PBXBuildFile; fileRef = DF33711D2D6965F1002C3489 /* WebImageAsyncAwaitDemoUITests.swift */; };
		DF3371202D6965F1002C3489 /* WebImageAsyncAwaitDemoUITestsLaunchTests.swift in Sources */ = {isa = PBXBuildFile; fileRef = DF33711F2D6965F1002C3489 /* WebImageAsyncAwaitDemoUITestsLaunchTests.swift */; };
		DF33712F2D69663A002C3489 /* CZWebImageAsyncAwait in Frameworks */ = {isa = PBXBuildFile; productRef = DF33712E2D69663A002C3489 /* CZWebImageAsyncAwait */; };
		DF8534F42D6ABE30009E50B4 /* FeedMock.swift in Sources */ = {isa = PBXBuildFile; fileRef = DF8534F32D6ABE30009E50B4 /* FeedMock.swift */; };
		DF8534F72D6ABF3D009E50B4 /* SingleFetchExampleView.swift in Sources */ = {isa = PBXBuildFile; fileRef = DF8534F62D6ABF3D009E50B4 /* SingleFetchExampleView.swift */; };
/* End PBXBuildFile section */

/* Begin PBXContainerItemProxy section */
		DF3371102D6965F1002C3489 /* PBXContainerItemProxy */ = {
			isa = PBXContainerItemProxy;
			containerPortal = DF3370F72D6965EE002C3489 /* Project object */;
			proxyType = 1;
			remoteGlobalIDString = DF3370FE2D6965EE002C3489;
			remoteInfo = WebImageAsyncAwaitDemo;
		};
		DF33711A2D6965F1002C3489 /* PBXContainerItemProxy */ = {
			isa = PBXContainerItemProxy;
			containerPortal = DF3370F72D6965EE002C3489 /* Project object */;
			proxyType = 1;
			remoteGlobalIDString = DF3370FE2D6965EE002C3489;
			remoteInfo = WebImageAsyncAwaitDemo;
		};
/* End PBXContainerItemProxy section */

/* Begin PBXFileReference section */
		DF3370FF2D6965EE002C3489 /* WebImageAsyncAwaitDemo.app */ = {isa = PBXFileReference; explicitFileType = wrapper.application; includeInIndex = 0; path = WebImageAsyncAwaitDemo.app; sourceTree = BUILT_PRODUCTS_DIR; };
		DF3371022D6965EE002C3489 /* WebImageAsyncAwaitDemoApp.swift */ = {isa = PBXFileReference; lastKnownFileType = sourcecode.swift; path = WebImageAsyncAwaitDemoApp.swift; sourceTree = "<group>"; };
		DF3371042D6965EE002C3489 /* ContentView.swift */ = {isa = PBXFileReference; lastKnownFileType = sourcecode.swift; path = ContentView.swift; sourceTree = "<group>"; };
		DF3371062D6965F0002C3489 /* Assets.xcassets */ = {isa = PBXFileReference; lastKnownFileType = folder.assetcatalog; path = Assets.xcassets; sourceTree = "<group>"; };
		DF3371092D6965F0002C3489 /* Preview Assets.xcassets */ = {isa = PBXFileReference; lastKnownFileType = folder.assetcatalog; path = "Preview Assets.xcassets"; sourceTree = "<group>"; };
		DF33710F2D6965F1002C3489 /* WebImageAsyncAwaitDemoTests.xctest */ = {isa = PBXFileReference; explicitFileType = wrapper.cfbundle; includeInIndex = 0; path = WebImageAsyncAwaitDemoTests.xctest; sourceTree = BUILT_PRODUCTS_DIR; };
		DF3371132D6965F1002C3489 /* WebImageAsyncAwaitDemoTests.swift */ = {isa = PBXFileReference; lastKnownFileType = sourcecode.swift; path = WebImageAsyncAwaitDemoTests.swift; sourceTree = "<group>"; };
		DF3371192D6965F1002C3489 /* WebImageAsyncAwaitDemoUITests.xctest */ = {isa = PBXFileReference; explicitFileType = wrapper.cfbundle; includeInIndex = 0; path = WebImageAsyncAwaitDemoUITests.xctest; sourceTree = BUILT_PRODUCTS_DIR; };
		DF33711D2D6965F1002C3489 /* WebImageAsyncAwaitDemoUITests.swift */ = {isa = PBXFileReference; lastKnownFileType = sourcecode.swift; path = WebImageAsyncAwaitDemoUITests.swift; sourceTree = "<group>"; };
		DF33711F2D6965F1002C3489 /* WebImageAsyncAwaitDemoUITestsLaunchTests.swift */ = {isa = PBXFileReference; lastKnownFileType = sourcecode.swift; path = WebImageAsyncAwaitDemoUITestsLaunchTests.swift; sourceTree = "<group>"; };
		DF33712C2D696630002C3489 /* CZWebImageAsyncAwait */ = {isa = PBXFileReference; lastKnownFileType = wrapper; name = CZWebImageAsyncAwait; path = ..; sourceTree = "<group>"; };
		DF8534F32D6ABE30009E50B4 /* FeedMock.swift */ = {isa = PBXFileReference; fileEncoding = 4; lastKnownFileType = sourcecode.swift; path = FeedMock.swift; sourceTree = "<group>"; };
		DF8534F62D6ABF3D009E50B4 /* SingleFetchExampleView.swift */ = {isa = PBXFileReference; fileEncoding = 4; lastKnownFileType = sourcecode.swift; path = SingleFetchExampleView.swift; sourceTree = "<group>"; };
/* End PBXFileReference section */

/* Begin PBXFrameworksBuildPhase section */
		DF3370FC2D6965EE002C3489 /* Frameworks */ = {
			isa = PBXFrameworksBuildPhase;
			buildActionMask = 2147483647;
			files = (
				DF33712F2D69663A002C3489 /* CZWebImageAsyncAwait in Frameworks */,
			);
			runOnlyForDeploymentPostprocessing = 0;
		};
		DF33710C2D6965F1002C3489 /* Frameworks */ = {
			isa = PBXFrameworksBuildPhase;
			buildActionMask = 2147483647;
			files = (
			);
			runOnlyForDeploymentPostprocessing = 0;
		};
		DF3371162D6965F1002C3489 /* Frameworks */ = {
			isa = PBXFrameworksBuildPhase;
			buildActionMask = 2147483647;
			files = (
			);
			runOnlyForDeploymentPostprocessing = 0;
		};
/* End PBXFrameworksBuildPhase section */

/* Begin PBXGroup section */
		DF3370F62D6965EE002C3489 = {
			isa = PBXGroup;
			children = (
				DF33712C2D696630002C3489 /* CZWebImageAsyncAwait */,
				DF3371012D6965EE002C3489 /* WebImageAsyncAwaitDemo */,
				DF3371122D6965F1002C3489 /* WebImageAsyncAwaitDemoTests */,
				DF33711C2D6965F1002C3489 /* WebImageAsyncAwaitDemoUITests */,
				DF3371002D6965EE002C3489 /* Products */,
				DF33712D2D69663A002C3489 /* Frameworks */,
			);
			sourceTree = "<group>";
		};
		DF3371002D6965EE002C3489 /* Products */ = {
			isa = PBXGroup;
			children = (
				DF3370FF2D6965EE002C3489 /* WebImageAsyncAwaitDemo.app */,
				DF33710F2D6965F1002C3489 /* WebImageAsyncAwaitDemoTests.xctest */,
				DF3371192D6965F1002C3489 /* WebImageAsyncAwaitDemoUITests.xctest */,
			);
			name = Products;
			sourceTree = "<group>";
		};
		DF3371012D6965EE002C3489 /* WebImageAsyncAwaitDemo */ = {
			isa = PBXGroup;
			children = (
				DF3371042D6965EE002C3489 /* ContentView.swift */,
				DF8534F62D6ABF3D009E50B4 /* SingleFetchExampleView.swift */,
				DF8534F32D6ABE30009E50B4 /* FeedMock.swift */,
				DF8534F52D6ABE63009E50B4 /* Supported_Files */,
				DF3371082D6965F0002C3489 /* Preview Content */,
			);
			path = WebImageAsyncAwaitDemo;
			sourceTree = "<group>";
		};
		DF3371082D6965F0002C3489 /* Preview Content */ = {
			isa = PBXGroup;
			children = (
				DF3371092D6965F0002C3489 /* Preview Assets.xcassets */,
			);
			path = "Preview Content";
			sourceTree = "<group>";
		};
		DF3371122D6965F1002C3489 /* WebImageAsyncAwaitDemoTests */ = {
			isa = PBXGroup;
			children = (
				DF3371132D6965F1002C3489 /* WebImageAsyncAwaitDemoTests.swift */,
			);
			path = WebImageAsyncAwaitDemoTests;
			sourceTree = "<group>";
		};
		DF33711C2D6965F1002C3489 /* WebImageAsyncAwaitDemoUITests */ = {
			isa = PBXGroup;
			children = (
				DF33711D2D6965F1002C3489 /* WebImageAsyncAwaitDemoUITests.swift */,
				DF33711F2D6965F1002C3489 /* WebImageAsyncAwaitDemoUITestsLaunchTests.swift */,
			);
			path = WebImageAsyncAwaitDemoUITests;
			sourceTree = "<group>";
		};
		DF33712D2D69663A002C3489 /* Frameworks */ = {
			isa = PBXGroup;
			children = (
			);
			name = Frameworks;
			sourceTree = "<group>";
		};
		DF8534F52D6ABE63009E50B4 /* Supported_Files */ = {
			isa = PBXGroup;
			children = (
				DF3371062D6965F0002C3489 /* Assets.xcassets */,
				DF3371022D6965EE002C3489 /* WebImageAsyncAwaitDemoApp.swift */,
			);
			path = Supported_Files;
			sourceTree = "<group>";
		};
/* End PBXGroup section */

/* Begin PBXNativeTarget section */
		DF3370FE2D6965EE002C3489 /* WebImageAsyncAwaitDemo */ = {
			isa = PBXNativeTarget;
			buildConfigurationList = DF3371232D6965F1002C3489 /* Build configuration list for PBXNativeTarget "WebImageAsyncAwaitDemo" */;
			buildPhases = (
				DF3370FB2D6965EE002C3489 /* Sources */,
				DF3370FC2D6965EE002C3489 /* Frameworks */,
				DF3370FD2D6965EE002C3489 /* Resources */,
			);
			buildRules = (
			);
			dependencies = (
			);
			name = WebImageAsyncAwaitDemo;
			packageProductDependencies = (
				DF33712E2D69663A002C3489 /* CZWebImageAsyncAwait */,
			);
			productName = WebImageAsyncAwaitDemo;
			productReference = DF3370FF2D6965EE002C3489 /* WebImageAsyncAwaitDemo.app */;
			productType = "com.apple.product-type.application";
		};
		DF33710E2D6965F1002C3489 /* WebImageAsyncAwaitDemoTests */ = {
			isa = PBXNativeTarget;
			buildConfigurationList = DF3371262D6965F1002C3489 /* Build configuration list for PBXNativeTarget "WebImageAsyncAwaitDemoTests" */;
			buildPhases = (
				DF33710B2D6965F1002C3489 /* Sources */,
				DF33710C2D6965F1002C3489 /* Frameworks */,
				DF33710D2D6965F1002C3489 /* Resources */,
			);
			buildRules = (
			);
			dependencies = (
				DF3371112D6965F1002C3489 /* PBXTargetDependency */,
			);
			name = WebImageAsyncAwaitDemoTests;
			productName = WebImageAsyncAwaitDemoTests;
			productReference = DF33710F2D6965F1002C3489 /* WebImageAsyncAwaitDemoTests.xctest */;
			productType = "com.apple.product-type.bundle.unit-test";
		};
		DF3371182D6965F1002C3489 /* WebImageAsyncAwaitDemoUITests */ = {
			isa = PBXNativeTarget;
			buildConfigurationList = DF3371292D6965F1002C3489 /* Build configuration list for PBXNativeTarget "WebImageAsyncAwaitDemoUITests" */;
			buildPhases = (
				DF3371152D6965F1002C3489 /* Sources */,
				DF3371162D6965F1002C3489 /* Frameworks */,
				DF3371172D6965F1002C3489 /* Resources */,
			);
			buildRules = (
			);
			dependencies = (
				DF33711B2D6965F1002C3489 /* PBXTargetDependency */,
			);
			name = WebImageAsyncAwaitDemoUITests;
			productName = WebImageAsyncAwaitDemoUITests;
			productReference = DF3371192D6965F1002C3489 /* WebImageAsyncAwaitDemoUITests.xctest */;
			productType = "com.apple.product-type.bundle.ui-testing";
		};
/* End PBXNativeTarget section */

/* Begin PBXProject section */
		DF3370F72D6965EE002C3489 /* Project object */ = {
			isa = PBXProject;
			attributes = {
				BuildIndependentTargetsInParallel = 1;
				LastSwiftUpdateCheck = 1540;
				LastUpgradeCheck = 1540;
				TargetAttributes = {
					DF3370FE2D6965EE002C3489 = {
						CreatedOnToolsVersion = 15.4;
					};
					DF33710E2D6965F1002C3489 = {
						CreatedOnToolsVersion = 15.4;
						TestTargetID = DF3370FE2D6965EE002C3489;
					};
					DF3371182D6965F1002C3489 = {
						CreatedOnToolsVersion = 15.4;
						TestTargetID = DF3370FE2D6965EE002C3489;
					};
				};
			};
			buildConfigurationList = DF3370FA2D6965EE002C3489 /* Build configuration list for PBXProject "WebImageAsyncAwaitDemo" */;
			compatibilityVersion = "Xcode 14.0";
			developmentRegion = en;
			hasScannedForEncodings = 0;
			knownRegions = (
				en,
				Base,
			);
			mainGroup = DF3370F62D6965EE002C3489;
			productRefGroup = DF3371002D6965EE002C3489 /* Products */;
			projectDirPath = "";
			projectRoot = "";
			targets = (
				DF3370FE2D6965EE002C3489 /* WebImageAsyncAwaitDemo */,
				DF33710E2D6965F1002C3489 /* WebImageAsyncAwaitDemoTests */,
				DF3371182D6965F1002C3489 /* WebImageAsyncAwaitDemoUITests */,
			);
		};
/* End PBXProject section */

/* Begin PBXResourcesBuildPhase section */
		DF3370FD2D6965EE002C3489 /* Resources */ = {
			isa = PBXResourcesBuildPhase;
			buildActionMask = 2147483647;
			files = (
				DF33710A2D6965F0002C3489 /* Preview Assets.xcassets in Resources */,
				DF3371072D6965F0002C3489 /* Assets.xcassets in Resources */,
			);
			runOnlyForDeploymentPostprocessing = 0;
		};
		DF33710D2D6965F1002C3489 /* Resources */ = {
			isa = PBXResourcesBuildPhase;
			buildActionMask = 2147483647;
			files = (
			);
			runOnlyForDeploymentPostprocessing = 0;
		};
		DF3371172D6965F1002C3489 /* Resources */ = {
			isa = PBXResourcesBuildPhase;
			buildActionMask = 2147483647;
			files = (
			);
			runOnlyForDeploymentPostprocessing = 0;
		};
/* End PBXResourcesBuildPhase section */

/* Begin PBXSourcesBuildPhase section */
		DF3370FB2D6965EE002C3489 /* Sources */ = {
			isa = PBXSourcesBuildPhase;
			buildActionMask = 2147483647;
			files = (
				DF3371052D6965EE002C3489 /* ContentView.swift in Sources */,
				DF8534F42D6ABE30009E50B4 /* FeedMock.swift in Sources */,
				DF8534F72D6ABF3D009E50B4 /* SingleFetchExampleView.swift in Sources */,
				DF3371032D6965EE002C3489 /* WebImageAsyncAwaitDemoApp.swift in Sources */,
			);
			runOnlyForDeploymentPostprocessing = 0;
		};
		DF33710B2D6965F1002C3489 /* Sources */ = {
			isa = PBXSourcesBuildPhase;
			buildActionMask = 2147483647;
			files = (
				DF3371142D6965F1002C3489 /* WebImageAsyncAwaitDemoTests.swift in Sources */,
			);
			runOnlyForDeploymentPostprocessing = 0;
		};
		DF3371152D6965F1002C3489 /* Sources */ = {
			isa = PBXSourcesBuildPhase;
			buildActionMask = 2147483647;
			files = (
				DF3371202D6965F1002C3489 /* WebImageAsyncAwaitDemoUITestsLaunchTests.swift in Sources */,
				DF33711E2D6965F1002C3489 /* WebImageAsyncAwaitDemoUITests.swift in Sources */,
			);
			runOnlyForDeploymentPostprocessing = 0;
		};
/* End PBXSourcesBuildPhase section */

/* Begin PBXTargetDependency section */
		DF3371112D6965F1002C3489 /* PBXTargetDependency */ = {
			isa = PBXTargetDependency;
			target = DF3370FE2D6965EE002C3489 /* WebImageAsyncAwaitDemo */;
			targetProxy = DF3371102D6965F1002C3489 /* PBXContainerItemProxy */;
		};
		DF33711B2D6965F1002C3489 /* PBXTargetDependency */ = {
			isa = PBXTargetDependency;
			target = DF3370FE2D6965EE002C3489 /* WebImageAsyncAwaitDemo */;
			targetProxy = DF33711A2D6965F1002C3489 /* PBXContainerItemProxy */;
		};
/* End PBXTargetDependency section */

/* Begin XCBuildConfiguration section */
		DF3371212D6965F1002C3489 /* Debug */ = {
			isa = XCBuildConfiguration;
			buildSettings = {
				ALWAYS_SEARCH_USER_PATHS = NO;
				ASSETCATALOG_COMPILER_GENERATE_SWIFT_ASSET_SYMBOL_EXTENSIONS = YES;
				CLANG_ANALYZER_NONNULL = YES;
				CLANG_ANALYZER_NUMBER_OBJECT_CONVERSION = YES_AGGRESSIVE;
				CLANG_CXX_LANGUAGE_STANDARD = "gnu++20";
				CLANG_ENABLE_MODULES = YES;
				CLANG_ENABLE_OBJC_ARC = YES;
				CLANG_ENABLE_OBJC_WEAK = YES;
				CLANG_WARN_BLOCK_CAPTURE_AUTORELEASING = YES;
				CLANG_WARN_BOOL_CONVERSION = YES;
				CLANG_WARN_COMMA = YES;
				CLANG_WARN_CONSTANT_CONVERSION = YES;
				CLANG_WARN_DEPRECATED_OBJC_IMPLEMENTATIONS = YES;
				CLANG_WARN_DIRECT_OBJC_ISA_USAGE = YES_ERROR;
				CLANG_WARN_DOCUMENTATION_COMMENTS = YES;
				CLANG_WARN_EMPTY_BODY = YES;
				CLANG_WARN_ENUM_CONVERSION = YES;
				CLANG_WARN_INFINITE_RECURSION = YES;
				CLANG_WARN_INT_CONVERSION = YES;
				CLANG_WARN_NON_LITERAL_NULL_CONVERSION = YES;
				CLANG_WARN_OBJC_IMPLICIT_RETAIN_SELF = YES;
				CLANG_WARN_OBJC_LITERAL_CONVERSION = YES;
				CLANG_WARN_OBJC_ROOT_CLASS = YES_ERROR;
				CLANG_WARN_QUOTED_INCLUDE_IN_FRAMEWORK_HEADER = YES;
				CLANG_WARN_RANGE_LOOP_ANALYSIS = YES;
				CLANG_WARN_STRICT_PROTOTYPES = YES;
				CLANG_WARN_SUSPICIOUS_MOVE = YES;
				CLANG_WARN_UNGUARDED_AVAILABILITY = YES_AGGRESSIVE;
				CLANG_WARN_UNREACHABLE_CODE = YES;
				CLANG_WARN__DUPLICATE_METHOD_MATCH = YES;
				COPY_PHASE_STRIP = NO;
				DEBUG_INFORMATION_FORMAT = dwarf;
				ENABLE_STRICT_OBJC_MSGSEND = YES;
				ENABLE_TESTABILITY = YES;
				ENABLE_USER_SCRIPT_SANDBOXING = YES;
				GCC_C_LANGUAGE_STANDARD = gnu17;
				GCC_DYNAMIC_NO_PIC = NO;
				GCC_NO_COMMON_BLOCKS = YES;
				GCC_OPTIMIZATION_LEVEL = 0;
				GCC_PREPROCESSOR_DEFINITIONS = (
					"DEBUG=1",
					"$(inherited)",
				);
				GCC_WARN_64_TO_32_BIT_CONVERSION = YES;
				GCC_WARN_ABOUT_RETURN_TYPE = YES_ERROR;
				GCC_WARN_UNDECLARED_SELECTOR = YES;
				GCC_WARN_UNINITIALIZED_AUTOS = YES_AGGRESSIVE;
				GCC_WARN_UNUSED_FUNCTION = YES;
				GCC_WARN_UNUSED_VARIABLE = YES;
				IPHONEOS_DEPLOYMENT_TARGET = 17.5;
				LOCALIZATION_PREFERS_STRING_CATALOGS = YES;
				MTL_ENABLE_DEBUG_INFO = INCLUDE_SOURCE;
				MTL_FAST_MATH = YES;
				ONLY_ACTIVE_ARCH = YES;
				SDKROOT = iphoneos;
				SWIFT_ACTIVE_COMPILATION_CONDITIONS = "DEBUG $(inherited)";
				SWIFT_OPTIMIZATION_LEVEL = "-Onone";
			};
			name = Debug;
		};
		DF3371222D6965F1002C3489 /* Release */ = {
			isa = XCBuildConfiguration;
			buildSettings = {
				ALWAYS_SEARCH_USER_PATHS = NO;
				ASSETCATALOG_COMPILER_GENERATE_SWIFT_ASSET_SYMBOL_EXTENSIONS = YES;
				CLANG_ANALYZER_NONNULL = YES;
				CLANG_ANALYZER_NUMBER_OBJECT_CONVERSION = YES_AGGRESSIVE;
				CLANG_CXX_LANGUAGE_STANDARD = "gnu++20";
				CLANG_ENABLE_MODULES = YES;
				CLANG_ENABLE_OBJC_ARC = YES;
				CLANG_ENABLE_OBJC_WEAK = YES;
				CLANG_WARN_BLOCK_CAPTURE_AUTORELEASING = YES;
				CLANG_WARN_BOOL_CONVERSION = YES;
				CLANG_WARN_COMMA = YES;
				CLANG_WARN_CONSTANT_CONVERSION = YES;
				CLANG_WARN_DEPRECATED_OBJC_IMPLEMENTATIONS = YES;
				CLANG_WARN_DIRECT_OBJC_ISA_USAGE = YES_ERROR;
				CLANG_WARN_DOCUMENTATION_COMMENTS = YES;
				CLANG_WARN_EMPTY_BODY = YES;
				CLANG_WARN_ENUM_CONVERSION = YES;
				CLANG_WARN_INFINITE_RECURSION = YES;
				CLANG_WARN_INT_CONVERSION = YES;
				CLANG_WARN_NON_LITERAL_NULL_CONVERSION = YES;
				CLANG_WARN_OBJC_IMPLICIT_RETAIN_SELF = YES;
				CLANG_WARN_OBJC_LITERAL_CONVERSION = YES;
				CLANG_WARN_OBJC_ROOT_CLASS = YES_ERROR;
				CLANG_WARN_QUOTED_INCLUDE_IN_FRAMEWORK_HEADER = YES;
				CLANG_WARN_RANGE_LOOP_ANALYSIS = YES;
				CLANG_WARN_STRICT_PROTOTYPES = YES;
				CLANG_WARN_SUSPICIOUS_MOVE = YES;
				CLANG_WARN_UNGUARDED_AVAILABILITY = YES_AGGRESSIVE;
				CLANG_WARN_UNREACHABLE_CODE = YES;
				CLANG_WARN__DUPLICATE_METHOD_MATCH = YES;
				COPY_PHASE_STRIP = NO;
				DEBUG_INFORMATION_FORMAT = "dwarf-with-dsym";
				ENABLE_NS_ASSERTIONS = NO;
				ENABLE_STRICT_OBJC_MSGSEND = YES;
				ENABLE_USER_SCRIPT_SANDBOXING = YES;
				GCC_C_LANGUAGE_STANDARD = gnu17;
				GCC_NO_COMMON_BLOCKS = YES;
				GCC_WARN_64_TO_32_BIT_CONVERSION = YES;
				GCC_WARN_ABOUT_RETURN_TYPE = YES_ERROR;
				GCC_WARN_UNDECLARED_SELECTOR = YES;
				GCC_WARN_UNINITIALIZED_AUTOS = YES_AGGRESSIVE;
				GCC_WARN_UNUSED_FUNCTION = YES;
				GCC_WARN_UNUSED_VARIABLE = YES;
				IPHONEOS_DEPLOYMENT_TARGET = 17.5;
				LOCALIZATION_PREFERS_STRING_CATALOGS = YES;
				MTL_ENABLE_DEBUG_INFO = NO;
				MTL_FAST_MATH = YES;
				SDKROOT = iphoneos;
				SWIFT_COMPILATION_MODE = wholemodule;
				VALIDATE_PRODUCT = YES;
			};
			name = Release;
		};
		DF3371242D6965F1002C3489 /* Debug */ = {
			isa = XCBuildConfiguration;
			buildSettings = {
				ASSETCATALOG_COMPILER_APPICON_NAME = AppIcon;
				ASSETCATALOG_COMPILER_GLOBAL_ACCENT_COLOR_NAME = AccentColor;
				CODE_SIGN_STYLE = Automatic;
				CURRENT_PROJECT_VERSION = 1;
				DEVELOPMENT_ASSET_PATHS = "\"WebImageAsyncAwaitDemo/Preview Content\"";
				DEVELOPMENT_TEAM = 55RDUQ8X48;
				ENABLE_PREVIEWS = YES;
				GENERATE_INFOPLIST_FILE = YES;
				INFOPLIST_KEY_UIApplicationSceneManifest_Generation = YES;
				INFOPLIST_KEY_UIApplicationSupportsIndirectInputEvents = YES;
				INFOPLIST_KEY_UILaunchScreen_Generation = YES;
				INFOPLIST_KEY_UISupportedInterfaceOrientations_iPad = "UIInterfaceOrientationPortrait UIInterfaceOrientationPortraitUpsideDown UIInterfaceOrientationLandscapeLeft UIInterfaceOrientationLandscapeRight";
				INFOPLIST_KEY_UISupportedInterfaceOrientations_iPhone = "UIInterfaceOrientationPortrait UIInterfaceOrientationLandscapeLeft UIInterfaceOrientationLandscapeRight";
				IPHONEOS_DEPLOYMENT_TARGET = 17.0;
				LD_RUNPATH_SEARCH_PATHS = (
					"$(inherited)",
					"@executable_path/Frameworks",
				);
				MARKETING_VERSION = 1.0;
				PRODUCT_BUNDLE_IDENTIFIER = "Cheng-Zhang.WebImageAsyncAwaitDemo";
				PRODUCT_NAME = "$(TARGET_NAME)";
				SWIFT_EMIT_LOC_STRINGS = YES;
				SWIFT_VERSION = 5.0;
				TARGETED_DEVICE_FAMILY = "1,2";
			};
			name = Debug;
		};
		DF3371252D6965F1002C3489 /* Release */ = {
			isa = XCBuildConfiguration;
			buildSettings = {
				ASSETCATALOG_COMPILER_APPICON_NAME = AppIcon;
				ASSETCATALOG_COMPILER_GLOBAL_ACCENT_COLOR_NAME = AccentColor;
				CODE_SIGN_STYLE = Automatic;
				CURRENT_PROJECT_VERSION = 1;
				DEVELOPMENT_ASSET_PATHS = "\"WebImageAsyncAwaitDemo/Preview Content\"";
				DEVELOPMENT_TEAM = 55RDUQ8X48;
				ENABLE_PREVIEWS = YES;
				GENERATE_INFOPLIST_FILE = YES;
				INFOPLIST_KEY_UIApplicationSceneManifest_Generation = YES;
				INFOPLIST_KEY_UIApplicationSupportsIndirectInputEvents = YES;
				INFOPLIST_KEY_UILaunchScreen_Generation = YES;
				INFOPLIST_KEY_UISupportedInterfaceOrientations_iPad = "UIInterfaceOrientationPortrait UIInterfaceOrientationPortraitUpsideDown UIInterfaceOrientationLandscapeLeft UIInterfaceOrientationLandscapeRight";
				INFOPLIST_KEY_UISupportedInterfaceOrientations_iPhone = "UIInterfaceOrientationPortrait UIInterfaceOrientationLandscapeLeft UIInterfaceOrientationLandscapeRight";
				IPHONEOS_DEPLOYMENT_TARGET = 17.0;
				LD_RUNPATH_SEARCH_PATHS = (
					"$(inherited)",
					"@executable_path/Frameworks",
				);
				MARKETING_VERSION = 1.0;
				PRODUCT_BUNDLE_IDENTIFIER = "Cheng-Zhang.WebImageAsyncAwaitDemo";
				PRODUCT_NAME = "$(TARGET_NAME)";
				SWIFT_EMIT_LOC_STRINGS = YES;
				SWIFT_VERSION = 5.0;
				TARGETED_DEVICE_FAMILY = "1,2";
			};
			name = Release;
		};
		DF3371272D6965F1002C3489 /* Debug */ = {
			isa = XCBuildConfiguration;
			buildSettings = {
				ALWAYS_EMBED_SWIFT_STANDARD_LIBRARIES = YES;
				BUNDLE_LOADER = "$(TEST_HOST)";
				CODE_SIGN_STYLE = Automatic;
				CURRENT_PROJECT_VERSION = 1;
				DEVELOPMENT_TEAM = 55RDUQ8X48;
				GENERATE_INFOPLIST_FILE = YES;
				IPHONEOS_DEPLOYMENT_TARGET = 17.5;
				MARKETING_VERSION = 1.0;
				PRODUCT_BUNDLE_IDENTIFIER = "Cheng-Zhang.WebImageAsyncAwaitDemoTests";
				PRODUCT_NAME = "$(TARGET_NAME)";
				SWIFT_EMIT_LOC_STRINGS = NO;
				SWIFT_VERSION = 5.0;
				TARGETED_DEVICE_FAMILY = "1,2";
				TEST_HOST = "$(BUILT_PRODUCTS_DIR)/WebImageAsyncAwaitDemo.app/$(BUNDLE_EXECUTABLE_FOLDER_PATH)/WebImageAsyncAwaitDemo";
			};
			name = Debug;
		};
		DF3371282D6965F1002C3489 /* Release */ = {
			isa = XCBuildConfiguration;
			buildSettings = {
				ALWAYS_EMBED_SWIFT_STANDARD_LIBRARIES = YES;
				BUNDLE_LOADER = "$(TEST_HOST)";
				CODE_SIGN_STYLE = Automatic;
				CURRENT_PROJECT_VERSION = 1;
				DEVELOPMENT_TEAM = 55RDUQ8X48;
				GENERATE_INFOPLIST_FILE = YES;
				IPHONEOS_DEPLOYMENT_TARGET = 17.5;
				MARKETING_VERSION = 1.0;
				PRODUCT_BUNDLE_IDENTIFIER = "Cheng-Zhang.WebImageAsyncAwaitDemoTests";
				PRODUCT_NAME = "$(TARGET_NAME)";
				SWIFT_EMIT_LOC_STRINGS = NO;
				SWIFT_VERSION = 5.0;
				TARGETED_DEVICE_FAMILY = "1,2";
				TEST_HOST = "$(BUILT_PRODUCTS_DIR)/WebImageAsyncAwaitDemo.app/$(BUNDLE_EXECUTABLE_FOLDER_PATH)/WebImageAsyncAwaitDemo";
			};
			name = Release;
		};
		DF33712A2D6965F1002C3489 /* Debug */ = {
			isa = XCBuildConfiguration;
			buildSettings = {
				ALWAYS_EMBED_SWIFT_STANDARD_LIBRARIES = YES;
				CODE_SIGN_STYLE = Automatic;
				CURRENT_PROJECT_VERSION = 1;
				DEVELOPMENT_TEAM = 55RDUQ8X48;
				GENERATE_INFOPLIST_FILE = YES;
				MARKETING_VERSION = 1.0;
				PRODUCT_BUNDLE_IDENTIFIER = "Cheng-Zhang.WebImageAsyncAwaitDemoUITests";
				PRODUCT_NAME = "$(TARGET_NAME)";
				SWIFT_EMIT_LOC_STRINGS = NO;
				SWIFT_VERSION = 5.0;
				TARGETED_DEVICE_FAMILY = "1,2";
				TEST_TARGET_NAME = WebImageAsyncAwaitDemo;
			};
			name = Debug;
		};
		DF33712B2D6965F1002C3489 /* Release */ = {
			isa = XCBuildConfiguration;
			buildSettings = {
				ALWAYS_EMBED_SWIFT_STANDARD_LIBRARIES = YES;
				CODE_SIGN_STYLE = Automatic;
				CURRENT_PROJECT_VERSION = 1;
				DEVELOPMENT_TEAM = 55RDUQ8X48;
				GENERATE_INFOPLIST_FILE = YES;
				MARKETING_VERSION = 1.0;
				PRODUCT_BUNDLE_IDENTIFIER = "Cheng-Zhang.WebImageAsyncAwaitDemoUITests";
				PRODUCT_NAME = "$(TARGET_NAME)";
				SWIFT_EMIT_LOC_STRINGS = NO;
				SWIFT_VERSION = 5.0;
				TARGETED_DEVICE_FAMILY = "1,2";
				TEST_TARGET_NAME = WebImageAsyncAwaitDemo;
			};
			name = Release;
		};
/* End XCBuildConfiguration section */

/* Begin XCConfigurationList section */
		DF3370FA2D6965EE002C3489 /* Build configuration list for PBXProject "WebImageAsyncAwaitDemo" */ = {
			isa = XCConfigurationList;
			buildConfigurations = (
				DF3371212D6965F1002C3489 /* Debug */,
				DF3371222D6965F1002C3489 /* Release */,
			);
			defaultConfigurationIsVisible = 0;
			defaultConfigurationName = Release;
		};
		DF3371232D6965F1002C3489 /* Build configuration list for PBXNativeTarget "WebImageAsyncAwaitDemo" */ = {
			isa = XCConfigurationList;
			buildConfigurations = (
				DF3371242D6965F1002C3489 /* Debug */,
				DF3371252D6965F1002C3489 /* Release */,
			);
			defaultConfigurationIsVisible = 0;
			defaultConfigurationName = Release;
		};
		DF3371262D6965F1002C3489 /* Build configuration list for PBXNativeTarget "WebImageAsyncAwaitDemoTests" */ = {
			isa = XCConfigurationList;
			buildConfigurations = (
				DF3371272D6965F1002C3489 /* Debug */,
				DF3371282D6965F1002C3489 /* Release */,
			);
			defaultConfigurationIsVisible = 0;
			defaultConfigurationName = Release;
		};
		DF3371292D6965F1002C3489 /* Build configuration list for PBXNativeTarget "WebImageAsyncAwaitDemoUITests" */ = {
			isa = XCConfigurationList;
			buildConfigurations = (
				DF33712A2D6965F1002C3489 /* Debug */,
				DF33712B2D6965F1002C3489 /* Release */,
			);
			defaultConfigurationIsVisible = 0;
			defaultConfigurationName = Release;
		};
/* End XCConfigurationList section */

/* Begin XCSwiftPackageProductDependency section */
		DF33712E2D69663A002C3489 /* CZWebImageAsyncAwait */ = {
			isa = XCSwiftPackageProductDependency;
			productName = CZWebImageAsyncAwait;
		};
/* End XCSwiftPackageProductDependency section */
	};
	rootObject = DF3370F72D6965EE002C3489 /* Project object */;
}
