{
  "object": {
    "pins": [
      {
        "package": "CZHttpFile",
        "repositoryURL": "https://github.com/geekaurora/CZHttpFile.git",
        "state": {
          "branch": null,
          "revision": "53266192df66327ba082e61dcaf514af0f88915a",
          "version": "1.2.0"
        }
      },
      {
        "package": "CZNetworking",
        "repositoryURL": "https://github.com/geekaurora/CZNetworking.git",
        "state": {
          "branch": null,
          "revision": "c823c9164eaa0f09e09fde999d790d5c9048da93",
          "version": "3.3.1"
        }
      },
      {
        "package": "CZTestUtils",
        "repositoryURL": "https://github.com/geekaurora/CZTestUtils.git",
        "state": {
          "branch": null,
          "revision": "5116e9c704e6926aaca52613ce8434321b62efce",
          "version": "1.1.0"
        }
      },
      {
        "package": "CZUtils",
        "repositoryURL": "https://github.com/geekaurora/CZUtils.git",
        "state": {
          "branch": null,
          "revision": "36e26987fe4e09646a1df2d0149155a37fbea286",
          "version": "3.4.6"
        }
      }
    ]
  },
  "version": 1
}
