{
  "object": {
    "pins": [
      {
        "package": "CZNetworking",
        "repositoryURL": "https://github.com/geekaurora/CZNetworking.git",
        "state": {
          "branch": null,
          "revision": "84879c61d69c3b5c8ada0945bf396940f0fc00a2",
          "version": "3.0.7"
        }
      },
      {
        "package": "CZUtils",
        "repositoryURL": "https://github.com/geekaurora/CZUtils.git",
        "state": {
          "branch": null,
          "revision": "e97bcea6a3028b5db9afa4b14f219c6e793a2934",
          "version": "3.0.9"
        }
      }
    ]
  },
  "version": 1
}
