{
  "object": {
    "pins": [
      {
        "package": "CZNetworking",
        "repositoryURL": "https://github.com/geekaurora/CZNetworking.git",
        "state": {
          "branch": null,
          "revision": "881425e8570ee496c5de4172abd858fddfa6209c",
          "version": "3.2.3"
        }
      },
      {
        "package": "CZUtils",
        "repositoryURL": "https://github.com/geekaurora/CZUtils.git",
        "state": {
          "branch": null,
          "revision": "e08101f010c7355f39d78f8475188b786ac3d179",
          "version": "3.2.7"
        }
      }
    ]
  },
  "version": 1
}
