// !$*UTF8*$!
{
	archiveVersion = 1;
	classes = {
	};
	objectVersion = 46;
	objects = {

/* Begin PBXBuildFile section */
		2A02BFF11F7461EA00184823 /* CZWebImage.framework in Frameworks */ = {isa = PBXBuildFile; fileRef = 2A02BFE71F7461EA00184823 /* CZWebImage.framework */; };
		2A02BFF61F7461EA00184823 /* CZWebImageTests.swift in Sources */ = {isa = PBXBuildFile; fileRef = 2A02BFF51F7461EA00184823 /* CZWebImageTests.swift */; };
		2A02BFF81F7461EA00184823 /* CZWebImage.h in Headers */ = {isa = PBXBuildFile; fileRef = 2A02BFEA1F7461EA00184823 /* CZWebImage.h */; settings = {ATTRIBUTES = (Public, ); }; };
		2A02C0401F74628700184823 /* TestDataManger.swift in Sources */ = {isa = PBXBuildFile; fileRef = 2A02C0111F74628700184823 /* TestDataManger.swift */; };
		2A02C0411F74628700184823 /* GPOperationQueue.swift in Sources */ = {isa = PBXBuildFile; fileRef = 2A02C0121F74628700184823 /* GPOperationQueue.swift */; };
		2A02C0421F74628700184823 /* CZOperationsManager.swift in Sources */ = {isa = PBXBuildFile; fileRef = 2A02C0131F74628700184823 /* CZOperationsManager.swift */; };
		2A02C0431F74628700184823 /* CZProMutexLock.swift in Sources */ = {isa = PBXBuildFile; fileRef = 2A02C0151F74628700184823 /* CZProMutexLock.swift */; };
		2A9891921F749604005331F1 /* UIImage+Extension.swift in Sources */ = {isa = PBXBuildFile; fileRef = 2A9891911F749604005331F1 /* UIImage+Extension.swift */; };
		2AEBF7621F758544005A1DEF /* CZCache.h in Headers */ = {isa = PBXBuildFile; fileRef = 2AEBF7531F758544005A1DEF /* CZCache.h */; settings = {ATTRIBUTES = (Public, ); }; };
		2AEBF7631F758544005A1DEF /* CZCache.m in Sources */ = {isa = PBXBuildFile; fileRef = 2AEBF7541F758544005A1DEF /* CZCache.m */; };
		2AEBF7641F758544005A1DEF /* CZConcurrentOperation.swift in Sources */ = {isa = PBXBuildFile; fileRef = 2AEBF7551F758544005A1DEF /* CZConcurrentOperation.swift */; };
		2AEBF7651F758544005A1DEF /* CZImageDownloader.swift in Sources */ = {isa = PBXBuildFile; fileRef = 2AEBF7561F758544005A1DEF /* CZImageDownloader.swift */; };
		2AEBF7661F758544005A1DEF /* CZImageDownloadOperation.swift in Sources */ = {isa = PBXBuildFile; fileRef = 2AEBF7571F758544005A1DEF /* CZImageDownloadOperation.swift */; };
		2AEBF7671F758544005A1DEF /* CZWebImage.h in Headers */ = {isa = PBXBuildFile; fileRef = 2AEBF7581F758544005A1DEF /* CZWebImage.h */; settings = {ATTRIBUTES = (Public, ); }; };
		2AEBF7681F758544005A1DEF /* CZWebImageDecode.m in Sources */ = {isa = PBXBuildFile; fileRef = 2AEBF7591F758544005A1DEF /* CZWebImageDecode.m */; };
		2AEBF7691F758544005A1DEF /* CZWebImageDecoder.h in Headers */ = {isa = PBXBuildFile; fileRef = 2AEBF75A1F758544005A1DEF /* CZWebImageDecoder.h */; settings = {ATTRIBUTES = (Public, ); }; };
		2AEBF76A1F758544005A1DEF /* CZWebImageManager.swift in Sources */ = {isa = PBXBuildFile; fileRef = 2AEBF75B1F758544005A1DEF /* CZWebImageManager.swift */; };
		2AEBF76B1F758544005A1DEF /* CZWebImagePrefetcher.h in Headers */ = {isa = PBXBuildFile; fileRef = 2AEBF75C1F758544005A1DEF /* CZWebImagePrefetcher.h */; settings = {ATTRIBUTES = (Public, ); }; };
		2AEBF76C1F758544005A1DEF /* CZWebImagePrefetcher.m in Sources */ = {isa = PBXBuildFile; fileRef = 2AEBF75D1F758544005A1DEF /* CZWebImagePrefetcher.m */; };
		2AEBF76D1F758544005A1DEF /* UIImage+Resize.h in Headers */ = {isa = PBXBuildFile; fileRef = 2AEBF75E1F758544005A1DEF /* UIImage+Resize.h */; settings = {ATTRIBUTES = (Public, ); }; };
		2AEBF76E1F758544005A1DEF /* UIImage+Resize.m in Sources */ = {isa = PBXBuildFile; fileRef = 2AEBF75F1F758544005A1DEF /* UIImage+Resize.m */; };
		2AEBF76F1F758544005A1DEF /* UIImageView+CZWebImage.h in Headers */ = {isa = PBXBuildFile; fileRef = 2AEBF7601F758544005A1DEF /* UIImageView+CZWebImage.h */; settings = {ATTRIBUTES = (Public, ); }; };
		2AEBF7701F758544005A1DEF /* UIImageView+CZWebImage.m in Sources */ = {isa = PBXBuildFile; fileRef = 2AEBF7611F758544005A1DEF /* UIImageView+CZWebImage.m */; };
		2AEBF7741F758554005A1DEF /* CZMutexLock.swift in Sources */ = {isa = PBXBuildFile; fileRef = 2AEBF7711F758554005A1DEF /* CZMutexLock.swift */; };
		2AEBF7891F75856F005A1DEF /* CZWebImageUtils.h in Headers */ = {isa = PBXBuildFile; fileRef = 2AEBF7771F75856F005A1DEF /* CZWebImageUtils.h */; settings = {ATTRIBUTES = (Public, ); }; };
		2AEBF78A1F75856F005A1DEF /* CZWebImageUtils.mm in Sources */ = {isa = PBXBuildFile; fileRef = 2AEBF7781F75856F005A1DEF /* CZWebImageUtils.mm */; };
		2AEBF78D1F75856F005A1DEF /* NSError+Description.h in Headers */ = {isa = PBXBuildFile; fileRef = 2AEBF77B1F75856F005A1DEF /* NSError+Description.h */; settings = {ATTRIBUTES = (Public, ); }; };
		2AEBF78E1F75856F005A1DEF /* NSError+Description.m in Sources */ = {isa = PBXBuildFile; fileRef = 2AEBF77C1F75856F005A1DEF /* NSError+Description.m */; };
		2AEBF78F1F75856F005A1DEF /* NSString+md5String.h in Headers */ = {isa = PBXBuildFile; fileRef = 2AEBF77D1F75856F005A1DEF /* NSString+md5String.h */; settings = {ATTRIBUTES = (Public, ); }; };
		2AEBF7901F75856F005A1DEF /* NSString+md5String.m in Sources */ = {isa = PBXBuildFile; fileRef = 2AEBF77E1F75856F005A1DEF /* NSString+md5String.m */; };
		2AEBF7931F75856F005A1DEF /* UIImage+Additions.h in Headers */ = {isa = PBXBuildFile; fileRef = 2AEBF7811F75856F005A1DEF /* UIImage+Additions.h */; settings = {ATTRIBUTES = (Public, ); }; };
		2AEBF7941F75856F005A1DEF /* UIImage+Additions.m in Sources */ = {isa = PBXBuildFile; fileRef = 2AEBF7821F75856F005A1DEF /* UIImage+Additions.m */; };
		2AEBF7951F75856F005A1DEF /* UIView+Animation.h in Headers */ = {isa = PBXBuildFile; fileRef = 2AEBF7831F75856F005A1DEF /* UIView+Animation.h */; settings = {ATTRIBUTES = (Public, ); }; };
		2AEBF7961F75856F005A1DEF /* UIView+Animation.m in Sources */ = {isa = PBXBuildFile; fileRef = 2AEBF7841F75856F005A1DEF /* UIView+Animation.m */; };
/* End PBXBuildFile section */

/* Begin PBXContainerItemProxy section */
		2A02BFF21F7461EA00184823 /* PBXContainerItemProxy */ = {
			isa = PBXContainerItemProxy;
			containerPortal = 2A02BFDE1F7461EA00184823 /* Project object */;
			proxyType = 1;
			remoteGlobalIDString = 2A02BFE61F7461EA00184823;
			remoteInfo = CZWebImage;
		};
		2AEBF7421F758424005A1DEF /* PBXContainerItemProxy */ = {
			isa = PBXContainerItemProxy;
			containerPortal = 2AEBF73C1F758423005A1DEF /* CZNetworking.xcodeproj */;
			proxyType = 2;
			remoteGlobalIDString = 044E02481F74349B00849AA2;
			remoteInfo = CZNetworking;
		};
		2AEBF7441F758424005A1DEF /* PBXContainerItemProxy */ = {
			isa = PBXContainerItemProxy;
			containerPortal = 2AEBF73C1F758423005A1DEF /* CZNetworking.xcodeproj */;
			proxyType = 2;
			remoteGlobalIDString = 044E02511F74349B00849AA2;
			remoteInfo = CZNetworkingTests;
		};
/* End PBXContainerItemProxy section */

/* Begin PBXFileReference section */
		2A02BFE71F7461EA00184823 /* CZWebImage.framework */ = {isa = PBXFileReference; explicitFileType = wrapper.framework; includeInIndex = 0; path = CZWebImage.framework; sourceTree = BUILT_PRODUCTS_DIR; };
		2A02BFEA1F7461EA00184823 /* CZWebImage.h */ = {isa = PBXFileReference; lastKnownFileType = sourcecode.c.h; path = CZWebImage.h; sourceTree = "<group>"; };
		2A02BFEB1F7461EA00184823 /* Info.plist */ = {isa = PBXFileReference; lastKnownFileType = text.plist.xml; path = Info.plist; sourceTree = "<group>"; };
		2A02BFF01F7461EA00184823 /* CZWebImageTests.xctest */ = {isa = PBXFileReference; explicitFileType = wrapper.cfbundle; includeInIndex = 0; path = CZWebImageTests.xctest; sourceTree = BUILT_PRODUCTS_DIR; };
		2A02BFF51F7461EA00184823 /* CZWebImageTests.swift */ = {isa = PBXFileReference; lastKnownFileType = sourcecode.swift; path = CZWebImageTests.swift; sourceTree = "<group>"; };
		2A02BFF71F7461EA00184823 /* Info.plist */ = {isa = PBXFileReference; lastKnownFileType = text.plist.xml; path = Info.plist; sourceTree = "<group>"; };
		2A02C0111F74628700184823 /* TestDataManger.swift */ = {isa = PBXFileReference; fileEncoding = 4; lastKnownFileType = sourcecode.swift; name = TestDataManger.swift; path = /__Github/CZGroupon/CZFacebook/../../CZOperationQueue/CZOperationQueueDemo/CZOperationQueueDemo/TestDataManger.swift; sourceTree = "<absolute>"; };
		2A02C0121F74628700184823 /* GPOperationQueue.swift */ = {isa = PBXFileReference; fileEncoding = 4; lastKnownFileType = sourcecode.swift; name = GPOperationQueue.swift; path = /__Github/CZGroupon/CZFacebook/../../CZOperationQueue/CZOperationQueueDemo/CZOperationQueueDemo/CZOperationQueue/GPOperationQueue.swift; sourceTree = "<absolute>"; };
		2A02C0131F74628700184823 /* CZOperationsManager.swift */ = {isa = PBXFileReference; fileEncoding = 4; lastKnownFileType = sourcecode.swift; name = CZOperationsManager.swift; path = /__Github/CZGroupon/CZFacebook/../../CZOperationQueue/CZOperationQueueDemo/CZOperationQueueDemo/CZOperationQueue/CZOperationsManager.swift; sourceTree = "<absolute>"; };
		2A02C0151F74628700184823 /* CZProMutexLock.swift */ = {isa = PBXFileReference; fileEncoding = 4; lastKnownFileType = sourcecode.swift; name = CZProMutexLock.swift; path = ../../../../../CZTwitter/CZTwitter/CZInstagram/Utils/CZProMutexLock.swift; sourceTree = "<group>"; };
		2A9891911F749604005331F1 /* UIImage+Extension.swift */ = {isa = PBXFileReference; fileEncoding = 4; lastKnownFileType = sourcecode.swift; name = "UIImage+Extension.swift"; path = "../../../../../CZTwitter/CZTwitter/CZInstagram/Utils/Extensions/UIImage+Extension.swift"; sourceTree = "<group>"; };
		2AEBF73C1F758423005A1DEF /* CZNetworking.xcodeproj */ = {isa = PBXFileReference; lastKnownFileType = "wrapper.pb-project"; name = CZNetworking.xcodeproj; path = ../CZNetworking/CZNetworking.xcodeproj; sourceTree = "<group>"; };
		2AEBF7531F758544005A1DEF /* CZCache.h */ = {isa = PBXFileReference; fileEncoding = 4; lastKnownFileType = sourcecode.c.h; name = CZCache.h; path = Core/CZCache.h; sourceTree = "<group>"; };
		2AEBF7541F758544005A1DEF /* CZCache.m */ = {isa = PBXFileReference; fileEncoding = 4; lastKnownFileType = sourcecode.c.objc; name = CZCache.m; path = Core/CZCache.m; sourceTree = "<group>"; };
		2AEBF7551F758544005A1DEF /* CZConcurrentOperation.swift */ = {isa = PBXFileReference; fileEncoding = 4; lastKnownFileType = sourcecode.swift; name = CZConcurrentOperation.swift; path = Core/CZConcurrentOperation.swift; sourceTree = "<group>"; };
		2AEBF7561F758544005A1DEF /* CZImageDownloader.swift */ = {isa = PBXFileReference; fileEncoding = 4; lastKnownFileType = sourcecode.swift; name = CZImageDownloader.swift; path = Core/CZImageDownloader.swift; sourceTree = "<group>"; };
		2AEBF7571F758544005A1DEF /* CZImageDownloadOperation.swift */ = {isa = PBXFileReference; fileEncoding = 4; lastKnownFileType = sourcecode.swift; name = CZImageDownloadOperation.swift; path = Core/CZImageDownloadOperation.swift; sourceTree = "<group>"; };
		2AEBF7581F758544005A1DEF /* CZWebImage.h */ = {isa = PBXFileReference; fileEncoding = 4; lastKnownFileType = sourcecode.c.h; name = CZWebImage.h; path = Core/CZWebImage.h; sourceTree = "<group>"; };
		2AEBF7591F758544005A1DEF /* CZWebImageDecode.m */ = {isa = PBXFileReference; fileEncoding = 4; lastKnownFileType = sourcecode.c.objc; name = CZWebImageDecode.m; path = Core/CZWebImageDecode.m; sourceTree = "<group>"; };
		2AEBF75A1F758544005A1DEF /* CZWebImageDecoder.h */ = {isa = PBXFileReference; fileEncoding = 4; lastKnownFileType = sourcecode.c.h; name = CZWebImageDecoder.h; path = Core/CZWebImageDecoder.h; sourceTree = "<group>"; };
		2AEBF75B1F758544005A1DEF /* CZWebImageManager.swift */ = {isa = PBXFileReference; fileEncoding = 4; lastKnownFileType = sourcecode.swift; name = CZWebImageManager.swift; path = Core/CZWebImageManager.swift; sourceTree = "<group>"; };
		2AEBF75C1F758544005A1DEF /* CZWebImagePrefetcher.h */ = {isa = PBXFileReference; fileEncoding = 4; lastKnownFileType = sourcecode.c.h; name = CZWebImagePrefetcher.h; path = Core/CZWebImagePrefetcher.h; sourceTree = "<group>"; };
		2AEBF75D1F758544005A1DEF /* CZWebImagePrefetcher.m */ = {isa = PBXFileReference; fileEncoding = 4; lastKnownFileType = sourcecode.c.objc; name = CZWebImagePrefetcher.m; path = Core/CZWebImagePrefetcher.m; sourceTree = "<group>"; };
		2AEBF75E1F758544005A1DEF /* UIImage+Resize.h */ = {isa = PBXFileReference; fileEncoding = 4; lastKnownFileType = sourcecode.c.h; name = "UIImage+Resize.h"; path = "Core/UIImage+Resize.h"; sourceTree = "<group>"; };
		2AEBF75F1F758544005A1DEF /* UIImage+Resize.m */ = {isa = PBXFileReference; fileEncoding = 4; lastKnownFileType = sourcecode.c.objc; name = "UIImage+Resize.m"; path = "Core/UIImage+Resize.m"; sourceTree = "<group>"; };
		2AEBF7601F758544005A1DEF /* UIImageView+CZWebImage.h */ = {isa = PBXFileReference; fileEncoding = 4; lastKnownFileType = sourcecode.c.h; name = "UIImageView+CZWebImage.h"; path = "Core/UIImageView+CZWebImage.h"; sourceTree = "<group>"; };
		2AEBF7611F758544005A1DEF /* UIImageView+CZWebImage.m */ = {isa = PBXFileReference; fileEncoding = 4; lastKnownFileType = sourcecode.c.objc; name = "UIImageView+CZWebImage.m"; path = "Core/UIImageView+CZWebImage.m"; sourceTree = "<group>"; };
		2AEBF7711F758554005A1DEF /* CZMutexLock.swift */ = {isa = PBXFileReference; fileEncoding = 4; lastKnownFileType = sourcecode.swift; name = CZMutexLock.swift; path = CZWebImage/Core/Optional/CZMutexLock.swift; sourceTree = SOURCE_ROOT; };
		2AEBF7771F75856F005A1DEF /* CZWebImageUtils.h */ = {isa = PBXFileReference; fileEncoding = 4; lastKnownFileType = sourcecode.c.h; name = CZWebImageUtils.h; path = CZWebImage/Core/Utils/CZWebImageUtils.h; sourceTree = SOURCE_ROOT; };
		2AEBF7781F75856F005A1DEF /* CZWebImageUtils.mm */ = {isa = PBXFileReference; fileEncoding = 4; lastKnownFileType = sourcecode.cpp.objcpp; name = CZWebImageUtils.mm; path = CZWebImage/Core/Utils/CZWebImageUtils.mm; sourceTree = SOURCE_ROOT; };
		2AEBF77B1F75856F005A1DEF /* NSError+Description.h */ = {isa = PBXFileReference; fileEncoding = 4; lastKnownFileType = sourcecode.c.h; name = "NSError+Description.h"; path = "CZWebImage/Core/Utils/NSError+Description.h"; sourceTree = SOURCE_ROOT; };
		2AEBF77C1F75856F005A1DEF /* NSError+Description.m */ = {isa = PBXFileReference; fileEncoding = 4; lastKnownFileType = sourcecode.c.objc; name = "NSError+Description.m"; path = "CZWebImage/Core/Utils/NSError+Description.m"; sourceTree = SOURCE_ROOT; };
		2AEBF77D1F75856F005A1DEF /* NSString+md5String.h */ = {isa = PBXFileReference; fileEncoding = 4; lastKnownFileType = sourcecode.c.h; name = "NSString+md5String.h"; path = "CZWebImage/Core/Utils/NSString+md5String.h"; sourceTree = SOURCE_ROOT; };
		2AEBF77E1F75856F005A1DEF /* NSString+md5String.m */ = {isa = PBXFileReference; fileEncoding = 4; lastKnownFileType = sourcecode.c.objc; name = "NSString+md5String.m"; path = "CZWebImage/Core/Utils/NSString+md5String.m"; sourceTree = SOURCE_ROOT; };
		2AEBF7811F75856F005A1DEF /* UIImage+Additions.h */ = {isa = PBXFileReference; fileEncoding = 4; lastKnownFileType = sourcecode.c.h; name = "UIImage+Additions.h"; path = "CZWebImage/Core/Utils/UIImage+Additions.h"; sourceTree = SOURCE_ROOT; };
		2AEBF7821F75856F005A1DEF /* UIImage+Additions.m */ = {isa = PBXFileReference; fileEncoding = 4; lastKnownFileType = sourcecode.c.objc; name = "UIImage+Additions.m"; path = "CZWebImage/Core/Utils/UIImage+Additions.m"; sourceTree = SOURCE_ROOT; };
		2AEBF7831F75856F005A1DEF /* UIView+Animation.h */ = {isa = PBXFileReference; fileEncoding = 4; lastKnownFileType = sourcecode.c.h; name = "UIView+Animation.h"; path = "CZWebImage/Core/Utils/UIView+Animation.h"; sourceTree = SOURCE_ROOT; };
		2AEBF7841F75856F005A1DEF /* UIView+Animation.m */ = {isa = PBXFileReference; fileEncoding = 4; lastKnownFileType = sourcecode.c.objc; name = "UIView+Animation.m"; path = "CZWebImage/Core/Utils/UIView+Animation.m"; sourceTree = SOURCE_ROOT; };
/* End PBXFileReference section */

/* Begin PBXFrameworksBuildPhase section */
		2A02BFE31F7461EA00184823 /* Frameworks */ = {
			isa = PBXFrameworksBuildPhase;
			buildActionMask = 2147483647;
			files = (
			);
			runOnlyForDeploymentPostprocessing = 0;
		};
		2A02BFED1F7461EA00184823 /* Frameworks */ = {
			isa = PBXFrameworksBuildPhase;
			buildActionMask = 2147483647;
			files = (
				2A02BFF11F7461EA00184823 /* CZWebImage.framework in Frameworks */,
			);
			runOnlyForDeploymentPostprocessing = 0;
		};
/* End PBXFrameworksBuildPhase section */

/* Begin PBXGroup section */
		2A02BFDD1F7461EA00184823 = {
			isa = PBXGroup;
			children = (
				2AEBF73C1F758423005A1DEF /* CZNetworking.xcodeproj */,
				2A02BFE91F7461EA00184823 /* CZWebImage */,
				2A02BFF41F7461EA00184823 /* CZWebImageTests */,
				2A02BFE81F7461EA00184823 /* Products */,
			);
			sourceTree = "<group>";
		};
		2A02BFE81F7461EA00184823 /* Products */ = {
			isa = PBXGroup;
			children = (
				2A02BFE71F7461EA00184823 /* CZWebImage.framework */,
				2A02BFF01F7461EA00184823 /* CZWebImageTests.xctest */,
			);
			name = Products;
			sourceTree = "<group>";
		};
		2A02BFE91F7461EA00184823 /* CZWebImage */ = {
			isa = PBXGroup;
			children = (
				2A02C0011F74623100184823 /* Core */,
				2A02BFEA1F7461EA00184823 /* CZWebImage.h */,
				2A02BFEB1F7461EA00184823 /* Info.plist */,
			);
			path = CZWebImage;
			sourceTree = "<group>";
		};
		2A02BFF41F7461EA00184823 /* CZWebImageTests */ = {
			isa = PBXGroup;
			children = (
				2A02BFF51F7461EA00184823 /* CZWebImageTests.swift */,
				2A02BFF71F7461EA00184823 /* Info.plist */,
			);
			path = CZWebImageTests;
			sourceTree = "<group>";
		};
		2A02C0011F74623100184823 /* Core */ = {
			isa = PBXGroup;
			children = (
				2AEBF7531F758544005A1DEF /* CZCache.h */,
				2AEBF7541F758544005A1DEF /* CZCache.m */,
				2AEBF7551F758544005A1DEF /* CZConcurrentOperation.swift */,
				2AEBF7561F758544005A1DEF /* CZImageDownloader.swift */,
				2AEBF7571F758544005A1DEF /* CZImageDownloadOperation.swift */,
				2AEBF7581F758544005A1DEF /* CZWebImage.h */,
				2AEBF7591F758544005A1DEF /* CZWebImageDecode.m */,
				2AEBF75A1F758544005A1DEF /* CZWebImageDecoder.h */,
				2AEBF75B1F758544005A1DEF /* CZWebImageManager.swift */,
				2AEBF75C1F758544005A1DEF /* CZWebImagePrefetcher.h */,
				2AEBF75D1F758544005A1DEF /* CZWebImagePrefetcher.m */,
				2AEBF75E1F758544005A1DEF /* UIImage+Resize.h */,
				2AEBF75F1F758544005A1DEF /* UIImage+Resize.m */,
				2AEBF7601F758544005A1DEF /* UIImageView+CZWebImage.h */,
				2AEBF7611F758544005A1DEF /* UIImageView+CZWebImage.m */,
				2A02C0301F74628700184823 /* Utils */,
			);
			name = Core;
			sourceTree = "<group>";
		};
		2A02C0141F74628700184823 /* GPOperationQueue */ = {
			isa = PBXGroup;
			children = (
				2A02C0111F74628700184823 /* TestDataManger.swift */,
				2A02C0121F74628700184823 /* GPOperationQueue.swift */,
				2A02C0131F74628700184823 /* CZOperationsManager.swift */,
			);
			name = GPOperationQueue;
			sourceTree = "<group>";
		};
		2A02C01D1F74628700184823 /* Optional */ = {
			isa = PBXGroup;
			children = (
				2A02C0151F74628700184823 /* CZProMutexLock.swift */,
				2A9891911F749604005331F1 /* UIImage+Extension.swift */,
				2A02C0141F74628700184823 /* GPOperationQueue */,
			);
			name = Optional;
			sourceTree = "<group>";
		};
		2A02C0301F74628700184823 /* Utils */ = {
			isa = PBXGroup;
			children = (
				2AEBF7771F75856F005A1DEF /* CZWebImageUtils.h */,
				2AEBF7781F75856F005A1DEF /* CZWebImageUtils.mm */,
				2AEBF77B1F75856F005A1DEF /* NSError+Description.h */,
				2AEBF77C1F75856F005A1DEF /* NSError+Description.m */,
				2AEBF77D1F75856F005A1DEF /* NSString+md5String.h */,
				2AEBF77E1F75856F005A1DEF /* NSString+md5String.m */,
				2AEBF7811F75856F005A1DEF /* UIImage+Additions.h */,
				2AEBF7821F75856F005A1DEF /* UIImage+Additions.m */,
				2AEBF7831F75856F005A1DEF /* UIView+Animation.h */,
				2AEBF7841F75856F005A1DEF /* UIView+Animation.m */,
				2AEBF7711F758554005A1DEF /* CZMutexLock.swift */,
				2A02C01D1F74628700184823 /* Optional */,
			);
			name = Utils;
			path = ../../CZGroupon/Common/CZWebImage/CZFlickr/FlickrDemo;
			sourceTree = "<group>";
		};
		2AEBF73D1F758423005A1DEF /* Products */ = {
			isa = PBXGroup;
			children = (
				2AEBF7431F758424005A1DEF /* CZNetworking.framework */,
				2AEBF7451F758424005A1DEF /* CZNetworkingTests.xctest */,
			);
			name = Products;
			sourceTree = "<group>";
		};
/* End PBXGroup section */

/* Begin PBXHeadersBuildPhase section */
		2A02BFE41F7461EA00184823 /* Headers */ = {
			isa = PBXHeadersBuildPhase;
			buildActionMask = 2147483647;
			files = (
				2AEBF7621F758544005A1DEF /* CZCache.h in Headers */,
				2AEBF78D1F75856F005A1DEF /* NSError+Description.h in Headers */,
				2AEBF78F1F75856F005A1DEF /* NSString+md5String.h in Headers */,
				2AEBF7691F758544005A1DEF /* CZWebImageDecoder.h in Headers */,
				2AEBF7671F758544005A1DEF /* CZWebImage.h in Headers */,
				2AEBF76B1F758544005A1DEF /* CZWebImagePrefetcher.h in Headers */,
				2AEBF7931F75856F005A1DEF /* UIImage+Additions.h in Headers */,
				2AEBF76D1F758544005A1DEF /* UIImage+Resize.h in Headers */,
				2A02BFF81F7461EA00184823 /* CZWebImage.h in Headers */,
				2AEBF7891F75856F005A1DEF /* CZWebImageUtils.h in Headers */,
				2AEBF76F1F758544005A1DEF /* UIImageView+CZWebImage.h in Headers */,
				2AEBF7951F75856F005A1DEF /* UIView+Animation.h in Headers */,
			);
			runOnlyForDeploymentPostprocessing = 0;
		};
/* End PBXHeadersBuildPhase section */

/* Begin PBXNativeTarget section */
		2A02BFE61F7461EA00184823 /* CZWebImage */ = {
			isa = PBXNativeTarget;
			buildConfigurationList = 2A02BFFB1F7461EA00184823 /* Build configuration list for PBXNativeTarget "CZWebImage" */;
			buildPhases = (
				2A02BFE21F7461EA00184823 /* Sources */,
				2A02BFE31F7461EA00184823 /* Frameworks */,
				2A02BFE41F7461EA00184823 /* Headers */,
				2A02BFE51F7461EA00184823 /* Resources */,
			);
			buildRules = (
			);
			dependencies = (
			);
			name = CZWebImage;
			productName = CZWebImage;
			productReference = 2A02BFE71F7461EA00184823 /* CZWebImage.framework */;
			productType = "com.apple.product-type.framework";
		};
		2A02BFEF1F7461EA00184823 /* CZWebImageTests */ = {
			isa = PBXNativeTarget;
			buildConfigurationList = 2A02BFFE1F7461EA00184823 /* Build configuration list for PBXNativeTarget "CZWebImageTests" */;
			buildPhases = (
				2A02BFEC1F7461EA00184823 /* Sources */,
				2A02BFED1F7461EA00184823 /* Frameworks */,
				2A02BFEE1F7461EA00184823 /* Resources */,
			);
			buildRules = (
			);
			dependencies = (
				2A02BFF31F7461EA00184823 /* PBXTargetDependency */,
			);
			name = CZWebImageTests;
			productName = CZWebImageTests;
			productReference = 2A02BFF01F7461EA00184823 /* CZWebImageTests.xctest */;
			productType = "com.apple.product-type.bundle.unit-test";
		};
/* End PBXNativeTarget section */

/* Begin PBXProject section */
		2A02BFDE1F7461EA00184823 /* Project object */ = {
			isa = PBXProject;
			attributes = {
				LastSwiftUpdateCheck = 0820;
				LastUpgradeCheck = 0820;
				ORGANIZATIONNAME = "Cheng Zhang";
				TargetAttributes = {
					2A02BFE61F7461EA00184823 = {
						CreatedOnToolsVersion = 8.2.1;
						DevelopmentTeam = 55RDUQ8X48;
						LastSwiftMigration = 0820;
						ProvisioningStyle = Automatic;
					};
					2A02BFEF1F7461EA00184823 = {
						CreatedOnToolsVersion = 8.2.1;
						DevelopmentTeam = 55RDUQ8X48;
						ProvisioningStyle = Automatic;
					};
				};
			};
			buildConfigurationList = 2A02BFE11F7461EA00184823 /* Build configuration list for PBXProject "CZWebImage" */;
			compatibilityVersion = "Xcode 3.2";
			developmentRegion = English;
			hasScannedForEncodings = 0;
			knownRegions = (
				en,
			);
			mainGroup = 2A02BFDD1F7461EA00184823;
			productRefGroup = 2A02BFE81F7461EA00184823 /* Products */;
			projectDirPath = "";
			projectReferences = (
				{
					ProductGroup = 2AEBF73D1F758423005A1DEF /* Products */;
					ProjectRef = 2AEBF73C1F758423005A1DEF /* CZNetworking.xcodeproj */;
				},
			);
			projectRoot = "";
			targets = (
				2A02BFE61F7461EA00184823 /* CZWebImage */,
				2A02BFEF1F7461EA00184823 /* CZWebImageTests */,
			);
		};
/* End PBXProject section */

/* Begin PBXReferenceProxy section */
		2AEBF7431F758424005A1DEF /* CZNetworking.framework */ = {
			isa = PBXReferenceProxy;
			fileType = wrapper.framework;
			path = CZNetworking.framework;
			remoteRef = 2AEBF7421F758424005A1DEF /* PBXContainerItemProxy */;
			sourceTree = BUILT_PRODUCTS_DIR;
		};
		2AEBF7451F758424005A1DEF /* CZNetworkingTests.xctest */ = {
			isa = PBXReferenceProxy;
			fileType = wrapper.cfbundle;
			path = CZNetworkingTests.xctest;
			remoteRef = 2AEBF7441F758424005A1DEF /* PBXContainerItemProxy */;
			sourceTree = BUILT_PRODUCTS_DIR;
		};
/* End PBXReferenceProxy section */

/* Begin PBXResourcesBuildPhase section */
		2A02BFE51F7461EA00184823 /* Resources */ = {
			isa = PBXResourcesBuildPhase;
			buildActionMask = 2147483647;
			files = (
			);
			runOnlyForDeploymentPostprocessing = 0;
		};
		2A02BFEE1F7461EA00184823 /* Resources */ = {
			isa = PBXResourcesBuildPhase;
			buildActionMask = 2147483647;
			files = (
			);
			runOnlyForDeploymentPostprocessing = 0;
		};
/* End PBXResourcesBuildPhase section */

/* Begin PBXSourcesBuildPhase section */
		2A02BFE21F7461EA00184823 /* Sources */ = {
			isa = PBXSourcesBuildPhase;
			buildActionMask = 2147483647;
			files = (
				2A02C0421F74628700184823 /* CZOperationsManager.swift in Sources */,
				2AEBF7941F75856F005A1DEF /* UIImage+Additions.m in Sources */,
				2AEBF76A1F758544005A1DEF /* CZWebImageManager.swift in Sources */,
				2AEBF7701F758544005A1DEF /* UIImageView+CZWebImage.m in Sources */,
				2AEBF7901F75856F005A1DEF /* NSString+md5String.m in Sources */,
				2AEBF7651F758544005A1DEF /* CZImageDownloader.swift in Sources */,
				2AEBF76C1F758544005A1DEF /* CZWebImagePrefetcher.m in Sources */,
				2AEBF7961F75856F005A1DEF /* UIView+Animation.m in Sources */,
				2AEBF78E1F75856F005A1DEF /* NSError+Description.m in Sources */,
				2A02C0411F74628700184823 /* GPOperationQueue.swift in Sources */,
				2AEBF7741F758554005A1DEF /* CZMutexLock.swift in Sources */,
				2AEBF7681F758544005A1DEF /* CZWebImageDecode.m in Sources */,
				2AEBF78A1F75856F005A1DEF /* CZWebImageUtils.mm in Sources */,
				2A9891921F749604005331F1 /* UIImage+Extension.swift in Sources */,
				2AEBF7661F758544005A1DEF /* CZImageDownloadOperation.swift in Sources */,
				2A02C0431F74628700184823 /* CZProMutexLock.swift in Sources */,
				2A02C0401F74628700184823 /* TestDataManger.swift in Sources */,
				2AEBF76E1F758544005A1DEF /* UIImage+Resize.m in Sources */,
				2AEBF7641F758544005A1DEF /* CZConcurrentOperation.swift in Sources */,
				2AEBF7631F758544005A1DEF /* CZCache.m in Sources */,
			);
			runOnlyForDeploymentPostprocessing = 0;
		};
		2A02BFEC1F7461EA00184823 /* Sources */ = {
			isa = PBXSourcesBuildPhase;
			buildActionMask = 2147483647;
			files = (
				2A02BFF61F7461EA00184823 /* CZWebImageTests.swift in Sources */,
			);
			runOnlyForDeploymentPostprocessing = 0;
		};
/* End PBXSourcesBuildPhase section */

/* Begin PBXTargetDependency section */
		2A02BFF31F7461EA00184823 /* PBXTargetDependency */ = {
			isa = PBXTargetDependency;
			target = 2A02BFE61F7461EA00184823 /* CZWebImage */;
			targetProxy = 2A02BFF21F7461EA00184823 /* PBXContainerItemProxy */;
		};
/* End PBXTargetDependency section */

/* Begin XCBuildConfiguration section */
		2A02BFF91F7461EA00184823 /* Debug */ = {
			isa = XCBuildConfiguration;
			buildSettings = {
				ALWAYS_SEARCH_USER_PATHS = NO;
				CLANG_ANALYZER_NONNULL = YES;
				CLANG_CXX_LANGUAGE_STANDARD = "gnu++0x";
				CLANG_CXX_LIBRARY = "libc++";
				CLANG_ENABLE_MODULES = YES;
				CLANG_ENABLE_OBJC_ARC = YES;
				CLANG_WARN_BOOL_CONVERSION = YES;
				CLANG_WARN_CONSTANT_CONVERSION = YES;
				CLANG_WARN_DIRECT_OBJC_ISA_USAGE = YES_ERROR;
				CLANG_WARN_DOCUMENTATION_COMMENTS = YES;
				CLANG_WARN_EMPTY_BODY = YES;
				CLANG_WARN_ENUM_CONVERSION = YES;
				CLANG_WARN_INFINITE_RECURSION = YES;
				CLANG_WARN_INT_CONVERSION = YES;
				CLANG_WARN_OBJC_ROOT_CLASS = YES_ERROR;
				CLANG_WARN_SUSPICIOUS_MOVE = YES;
				CLANG_WARN_UNREACHABLE_CODE = YES;
				CLANG_WARN__DUPLICATE_METHOD_MATCH = YES;
				"CODE_SIGN_IDENTITY[sdk=iphoneos*]" = "iPhone Developer";
				COPY_PHASE_STRIP = NO;
				CURRENT_PROJECT_VERSION = 1;
				DEBUG_INFORMATION_FORMAT = dwarf;
				DEFINES_MODULE = YES;
				ENABLE_STRICT_OBJC_MSGSEND = YES;
				ENABLE_TESTABILITY = YES;
				GCC_C_LANGUAGE_STANDARD = gnu99;
				GCC_DYNAMIC_NO_PIC = NO;
				GCC_NO_COMMON_BLOCKS = YES;
				GCC_OPTIMIZATION_LEVEL = 0;
				GCC_PREPROCESSOR_DEFINITIONS = (
					"DEBUG=1",
					"$(inherited)",
				);
				GCC_WARN_64_TO_32_BIT_CONVERSION = YES;
				GCC_WARN_ABOUT_RETURN_TYPE = YES_ERROR;
				GCC_WARN_UNDECLARED_SELECTOR = YES;
				GCC_WARN_UNINITIALIZED_AUTOS = YES_AGGRESSIVE;
				GCC_WARN_UNUSED_FUNCTION = YES;
				GCC_WARN_UNUSED_VARIABLE = YES;
				IPHONEOS_DEPLOYMENT_TARGET = 10.0;
				MTL_ENABLE_DEBUG_INFO = YES;
				ONLY_ACTIVE_ARCH = YES;
				SDKROOT = iphoneos;
				SWIFT_ACTIVE_COMPILATION_CONDITIONS = DEBUG;
				SWIFT_OPTIMIZATION_LEVEL = "-Onone";
				TARGETED_DEVICE_FAMILY = "1,2";
				VERSIONING_SYSTEM = "apple-generic";
				VERSION_INFO_PREFIX = "";
			};
			name = Debug;
		};
		2A02BFFA1F7461EA00184823 /* Release */ = {
			isa = XCBuildConfiguration;
			buildSettings = {
				ALWAYS_SEARCH_USER_PATHS = NO;
				CLANG_ANALYZER_NONNULL = YES;
				CLANG_CXX_LANGUAGE_STANDARD = "gnu++0x";
				CLANG_CXX_LIBRARY = "libc++";
				CLANG_ENABLE_MODULES = YES;
				CLANG_ENABLE_OBJC_ARC = YES;
				CLANG_WARN_BOOL_CONVERSION = YES;
				CLANG_WARN_CONSTANT_CONVERSION = YES;
				CLANG_WARN_DIRECT_OBJC_ISA_USAGE = YES_ERROR;
				CLANG_WARN_DOCUMENTATION_COMMENTS = YES;
				CLANG_WARN_EMPTY_BODY = YES;
				CLANG_WARN_ENUM_CONVERSION = YES;
				CLANG_WARN_INFINITE_RECURSION = YES;
				CLANG_WARN_INT_CONVERSION = YES;
				CLANG_WARN_OBJC_ROOT_CLASS = YES_ERROR;
				CLANG_WARN_SUSPICIOUS_MOVE = YES;
				CLANG_WARN_UNREACHABLE_CODE = YES;
				CLANG_WARN__DUPLICATE_METHOD_MATCH = YES;
				"CODE_SIGN_IDENTITY[sdk=iphoneos*]" = "iPhone Developer";
				COPY_PHASE_STRIP = NO;
				CURRENT_PROJECT_VERSION = 1;
				DEBUG_INFORMATION_FORMAT = "dwarf-with-dsym";
				DEFINES_MODULE = YES;
				ENABLE_NS_ASSERTIONS = NO;
				ENABLE_STRICT_OBJC_MSGSEND = YES;
				GCC_C_LANGUAGE_STANDARD = gnu99;
				GCC_NO_COMMON_BLOCKS = YES;
				GCC_WARN_64_TO_32_BIT_CONVERSION = YES;
				GCC_WARN_ABOUT_RETURN_TYPE = YES_ERROR;
				GCC_WARN_UNDECLARED_SELECTOR = YES;
				GCC_WARN_UNINITIALIZED_AUTOS = YES_AGGRESSIVE;
				GCC_WARN_UNUSED_FUNCTION = YES;
				GCC_WARN_UNUSED_VARIABLE = YES;
				IPHONEOS_DEPLOYMENT_TARGET = 10.0;
				MTL_ENABLE_DEBUG_INFO = NO;
				SDKROOT = iphoneos;
				SWIFT_OPTIMIZATION_LEVEL = "-Owholemodule";
				TARGETED_DEVICE_FAMILY = "1,2";
				VALIDATE_PRODUCT = YES;
				VERSIONING_SYSTEM = "apple-generic";
				VERSION_INFO_PREFIX = "";
			};
			name = Release;
		};
		2A02BFFC1F7461EA00184823 /* Debug */ = {
			isa = XCBuildConfiguration;
			buildSettings = {
				CLANG_ENABLE_MODULES = YES;
				CODE_SIGN_IDENTITY = "";
				DEFINES_MODULE = YES;
				DEVELOPMENT_TEAM = 55RDUQ8X48;
				DYLIB_COMPATIBILITY_VERSION = 1;
				DYLIB_CURRENT_VERSION = 1;
				DYLIB_INSTALL_NAME_BASE = "@rpath";
				INFOPLIST_FILE = CZWebImage/Info.plist;
				INSTALL_PATH = "$(LOCAL_LIBRARY_DIR)/Frameworks";
				LD_RUNPATH_SEARCH_PATHS = "$(inherited) @executable_path/Frameworks @loader_path/Frameworks";
				PRODUCT_BUNDLE_IDENTIFIER = com.tony.CZWebImage;
				PRODUCT_NAME = "$(TARGET_NAME)";
				SKIP_INSTALL = YES;
				SWIFT_OPTIMIZATION_LEVEL = "-Onone";
				SWIFT_VERSION = 3.0;
			};
			name = Debug;
		};
		2A02BFFD1F7461EA00184823 /* Release */ = {
			isa = XCBuildConfiguration;
			buildSettings = {
				CLANG_ENABLE_MODULES = YES;
				CODE_SIGN_IDENTITY = "";
				DEFINES_MODULE = YES;
				DEVELOPMENT_TEAM = 55RDUQ8X48;
				DYLIB_COMPATIBILITY_VERSION = 1;
				DYLIB_CURRENT_VERSION = 1;
				DYLIB_INSTALL_NAME_BASE = "@rpath";
				INFOPLIST_FILE = CZWebImage/Info.plist;
				INSTALL_PATH = "$(LOCAL_LIBRARY_DIR)/Frameworks";
				LD_RUNPATH_SEARCH_PATHS = "$(inherited) @executable_path/Frameworks @loader_path/Frameworks";
				PRODUCT_BUNDLE_IDENTIFIER = com.tony.CZWebImage;
				PRODUCT_NAME = "$(TARGET_NAME)";
				SKIP_INSTALL = YES;
				SWIFT_VERSION = 3.0;
			};
			name = Release;
		};
		2A02BFFF1F7461EA00184823 /* Debug */ = {
			isa = XCBuildConfiguration;
			buildSettings = {
				ALWAYS_EMBED_SWIFT_STANDARD_LIBRARIES = YES;
				DEVELOPMENT_TEAM = 55RDUQ8X48;
				INFOPLIST_FILE = CZWebImageTests/Info.plist;
				LD_RUNPATH_SEARCH_PATHS = "$(inherited) @executable_path/Frameworks @loader_path/Frameworks";
				PRODUCT_BUNDLE_IDENTIFIER = com.tony.CZWebImageTests;
				PRODUCT_NAME = "$(TARGET_NAME)";
				SWIFT_VERSION = 3.0;
			};
			name = Debug;
		};
		2A02C0001F7461EA00184823 /* Release */ = {
			isa = XCBuildConfiguration;
			buildSettings = {
				ALWAYS_EMBED_SWIFT_STANDARD_LIBRARIES = YES;
				DEVELOPMENT_TEAM = 55RDUQ8X48;
				INFOPLIST_FILE = CZWebImageTests/Info.plist;
				LD_RUNPATH_SEARCH_PATHS = "$(inherited) @executable_path/Frameworks @loader_path/Frameworks";
				PRODUCT_BUNDLE_IDENTIFIER = com.tony.CZWebImageTests;
				PRODUCT_NAME = "$(TARGET_NAME)";
				SWIFT_VERSION = 3.0;
			};
			name = Release;
		};
/* End XCBuildConfiguration section */

/* Begin XCConfigurationList section */
		2A02BFE11F7461EA00184823 /* Build configuration list for PBXProject "CZWebImage" */ = {
			isa = XCConfigurationList;
			buildConfigurations = (
				2A02BFF91F7461EA00184823 /* Debug */,
				2A02BFFA1F7461EA00184823 /* Release */,
			);
			defaultConfigurationIsVisible = 0;
			defaultConfigurationName = Release;
		};
		2A02BFFB1F7461EA00184823 /* Build configuration list for PBXNativeTarget "CZWebImage" */ = {
			isa = XCConfigurationList;
			buildConfigurations = (
				2A02BFFC1F7461EA00184823 /* Debug */,
				2A02BFFD1F7461EA00184823 /* Release */,
			);
			defaultConfigurationIsVisible = 0;
			defaultConfigurationName = Release;
		};
		2A02BFFE1F7461EA00184823 /* Build configuration list for PBXNativeTarget "CZWebImageTests" */ = {
			isa = XCConfigurationList;
			buildConfigurations = (
				2A02BFFF1F7461EA00184823 /* Debug */,
				2A02C0001F7461EA00184823 /* Release */,
			);
			defaultConfigurationIsVisible = 0;
			defaultConfigurationName = Release;
		};
/* End XCConfigurationList section */
	};
	rootObject = 2A02BFDE1F7461EA00184823 /* Project object */;
}
