// !$*UTF8*$!
{
	archiveVersion = 1;
	classes = {
	};
	objectVersion = 52;
	objects = {

/* Begin PBXBuildFile section */
		2A313D2F1FC642B200B1346D /* AppDelegate.swift in Sources */ = {isa = PBXBuildFile; fileRef = 2A313D2E1FC642B200B1346D /* AppDelegate.swift */; };
		2A313D311FC642B200B1346D /* FeedListViewController.swift in Sources */ = {isa = PBXBuildFile; fileRef = 2A313D301FC642B200B1346D /* FeedListViewController.swift */; };
		2A313D341FC642B200B1346D /* Main.storyboard in Resources */ = {isa = PBXBuildFile; fileRef = 2A313D321FC642B200B1346D /* Main.storyboard */; };
		2A313D361FC642B200B1346D /* Assets.xcassets in Resources */ = {isa = PBXBuildFile; fileRef = 2A313D351FC642B200B1346D /* Assets.xcassets */; };
		2A313D391FC642B200B1346D /* LaunchScreen.storyboard in Resources */ = {isa = PBXBuildFile; fileRef = 2A313D371FC642B200B1346D /* LaunchScreen.storyboard */; };
		2A313D431FC642E500B1346D /* Feed.swift in Sources */ = {isa = PBXBuildFile; fileRef = 2A313D421FC642E500B1346D /* Feed.swift */; };
		2A313D461FC6433F00B1346D /* FeedListCell.swift in Sources */ = {isa = PBXBuildFile; fileRef = 2A313D451FC6433F00B1346D /* FeedListCell.swift */; };
		2A313D481FC643C000B1346D /* FeedListTableDataSource.swift in Sources */ = {isa = PBXBuildFile; fileRef = 2A313D471FC643C000B1346D /* FeedListTableDataSource.swift */; };
		2A313D4A1FC6440500B1346D /* FeedListViewModel.swift in Sources */ = {isa = PBXBuildFile; fileRef = 2A313D491FC6440500B1346D /* FeedListViewModel.swift */; };
		2A313D4C1FC644B200B1346D /* FeedsMocker.swift in Sources */ = {isa = PBXBuildFile; fileRef = 2A313D4B1FC644B200B1346D /* FeedsMocker.swift */; };
		2A313D5B1FC6488400B1346D /* UIScreen+Extension.swift in Sources */ = {isa = PBXBuildFile; fileRef = 2A313D5A1FC6488400B1346D /* UIScreen+Extension.swift */; };
		2A313D5F1FC6534400B1346D /* feeds.json in Resources */ = {isa = PBXBuildFile; fileRef = 2A313D5E1FC6534400B1346D /* feeds.json */; };
		C35BB0E92446068600D21E42 /* CZWebImage in Frameworks */ = {isa = PBXBuildFile; productRef = C35BB0E82446068600D21E42 /* CZWebImage */; };
		C3E5D8B629ECB9FC004B11BC /* URLSessionManager.swift in Sources */ = {isa = PBXBuildFile; fileRef = C3E5D8B529ECB9FC004B11BC /* URLSessionManager.swift */; };
		C3E5D8B829ECBAC8004B11BC /* UIImageView+CZWebImage.swift in Sources */ = {isa = PBXBuildFile; fileRef = C3E5D8B729ECBAC8004B11BC /* UIImageView+CZWebImage.swift */; };
		C3F84368263FC3F9002FCE68 /* CZUtils in Frameworks */ = {isa = PBXBuildFile; productRef = C3F84367263FC3F9002FCE68 /* CZUtils */; };
		C3F84369263FC3F9002FCE68 /* CZUtils in Embed Frameworks */ = {isa = PBXBuildFile; productRef = C3F84367263FC3F9002FCE68 /* CZUtils */; settings = {ATTRIBUTES = (CodeSignOnCopy, ); }; };
/* End PBXBuildFile section */

/* Begin PBXCopyFilesBuildPhase section */
		C3F8436A263FC3F9002FCE68 /* Embed Frameworks */ = {
			isa = PBXCopyFilesBuildPhase;
			buildActionMask = 2147483647;
			dstPath = "";
			dstSubfolderSpec = 10;
			files = (
				C3F84369263FC3F9002FCE68 /* CZUtils in Embed Frameworks */,
			);
			name = "Embed Frameworks";
			runOnlyForDeploymentPostprocessing = 0;
		};
/* End PBXCopyFilesBuildPhase section */

/* Begin PBXFileReference section */
		2A313D2B1FC642B200B1346D /* CZWebImageDemo.app */ = {isa = PBXFileReference; explicitFileType = wrapper.application; includeInIndex = 0; path = CZWebImageDemo.app; sourceTree = BUILT_PRODUCTS_DIR; };
		2A313D2E1FC642B200B1346D /* AppDelegate.swift */ = {isa = PBXFileReference; lastKnownFileType = sourcecode.swift; path = AppDelegate.swift; sourceTree = "<group>"; };
		2A313D301FC642B200B1346D /* FeedListViewController.swift */ = {isa = PBXFileReference; lastKnownFileType = sourcecode.swift; path = FeedListViewController.swift; sourceTree = "<group>"; };
		2A313D331FC642B200B1346D /* Base */ = {isa = PBXFileReference; lastKnownFileType = file.storyboard; name = Base; path = Base.lproj/Main.storyboard; sourceTree = "<group>"; };
		2A313D351FC642B200B1346D /* Assets.xcassets */ = {isa = PBXFileReference; lastKnownFileType = folder.assetcatalog; path = Assets.xcassets; sourceTree = "<group>"; };
		2A313D381FC642B200B1346D /* Base */ = {isa = PBXFileReference; lastKnownFileType = file.storyboard; name = Base; path = Base.lproj/LaunchScreen.storyboard; sourceTree = "<group>"; };
		2A313D3A1FC642B200B1346D /* Info.plist */ = {isa = PBXFileReference; lastKnownFileType = text.plist.xml; path = Info.plist; sourceTree = "<group>"; };
		2A313D421FC642E500B1346D /* Feed.swift */ = {isa = PBXFileReference; lastKnownFileType = sourcecode.swift; path = Feed.swift; sourceTree = "<group>"; };
		2A313D451FC6433F00B1346D /* FeedListCell.swift */ = {isa = PBXFileReference; lastKnownFileType = sourcecode.swift; path = FeedListCell.swift; sourceTree = "<group>"; };
		2A313D471FC643C000B1346D /* FeedListTableDataSource.swift */ = {isa = PBXFileReference; lastKnownFileType = sourcecode.swift; path = FeedListTableDataSource.swift; sourceTree = "<group>"; };
		2A313D491FC6440500B1346D /* FeedListViewModel.swift */ = {isa = PBXFileReference; lastKnownFileType = sourcecode.swift; path = FeedListViewModel.swift; sourceTree = "<group>"; };
		2A313D4B1FC644B200B1346D /* FeedsMocker.swift */ = {isa = PBXFileReference; lastKnownFileType = sourcecode.swift; path = FeedsMocker.swift; sourceTree = "<group>"; };
		2A313D5A1FC6488400B1346D /* UIScreen+Extension.swift */ = {isa = PBXFileReference; lastKnownFileType = sourcecode.swift; path = "UIScreen+Extension.swift"; sourceTree = "<group>"; };
		2A313D5E1FC6534400B1346D /* feeds.json */ = {isa = PBXFileReference; lastKnownFileType = text.json; path = feeds.json; sourceTree = "<group>"; };
		2A358A611FC74B9F005D3944 /* CZNetworking.framework */ = {isa = PBXFileReference; explicitFileType = wrapper.framework; path = CZNetworking.framework; sourceTree = BUILT_PRODUCTS_DIR; };
		2A358A651FC74BA4005D3944 /* CommonCrypto.framework */ = {isa = PBXFileReference; explicitFileType = wrapper.framework; path = CommonCrypto.framework; sourceTree = BUILT_PRODUCTS_DIR; };
		2A358A6A1FC74BB1005D3944 /* CZUtils.framework */ = {isa = PBXFileReference; explicitFileType = wrapper.framework; path = CZUtils.framework; sourceTree = BUILT_PRODUCTS_DIR; };
		C31EA0F1260F145900EFDBA9 /* CZHttpFile */ = {isa = PBXFileReference; lastKnownFileType = folder; name = CZHttpFile; path = ../../CZHttpFile; sourceTree = "<group>"; };
		C35BB0E72446063900D21E42 /* CZWebImage */ = {isa = PBXFileReference; lastKnownFileType = folder; name = CZWebImage; path = ..; sourceTree = "<group>"; };
		C3E5D8B529ECB9FC004B11BC /* URLSessionManager.swift */ = {isa = PBXFileReference; fileEncoding = 4; lastKnownFileType = sourcecode.swift; path = URLSessionManager.swift; sourceTree = "<group>"; };
		C3E5D8B729ECBAC8004B11BC /* UIImageView+CZWebImage.swift */ = {isa = PBXFileReference; fileEncoding = 4; lastKnownFileType = sourcecode.swift; path = "UIImageView+CZWebImage.swift"; sourceTree = "<group>"; };
		C3F2AFE1263FF83B00EC00A4 /* CZNetworking */ = {isa = PBXFileReference; lastKnownFileType = folder; name = CZNetworking; path = ../../CZNetworking; sourceTree = "<group>"; };
		C3F2AFE2263FF94F00EC00A4 /* CZUtils */ = {isa = PBXFileReference; lastKnownFileType = folder; name = CZUtils; path = ../../CZUtils; sourceTree = "<group>"; };
/* End PBXFileReference section */

/* Begin PBXFrameworksBuildPhase section */
		2A313D281FC642B200B1346D /* Frameworks */ = {
			isa = PBXFrameworksBuildPhase;
			buildActionMask = 2147483647;
			files = (
				C35BB0E92446068600D21E42 /* CZWebImage in Frameworks */,
				C3F84368263FC3F9002FCE68 /* CZUtils in Frameworks */,
			);
			runOnlyForDeploymentPostprocessing = 0;
		};
/* End PBXFrameworksBuildPhase section */

/* Begin PBXGroup section */
		2A313D221FC642B200B1346D = {
			isa = PBXGroup;
			children = (
				C3F2AFE2263FF94F00EC00A4 /* CZUtils */,
				C3F2AFE1263FF83B00EC00A4 /* CZNetworking */,
				C31EA0F1260F145900EFDBA9 /* CZHttpFile */,
				C35BB0E72446063900D21E42 /* CZWebImage */,
				2A313D2D1FC642B200B1346D /* CZWebImageDemo */,
				2A358A6A1FC74BB1005D3944 /* CZUtils.framework */,
				2A358A651FC74BA4005D3944 /* CommonCrypto.framework */,
				2A358A611FC74B9F005D3944 /* CZNetworking.framework */,
				2A313D2C1FC642B200B1346D /* Products */,
				DF2C24862432190C006B8912 /* Frameworks */,
			);
			sourceTree = "<group>";
		};
		2A313D2C1FC642B200B1346D /* Products */ = {
			isa = PBXGroup;
			children = (
				2A313D2B1FC642B200B1346D /* CZWebImageDemo.app */,
			);
			name = Products;
			sourceTree = "<group>";
		};
		2A313D2D1FC642B200B1346D /* CZWebImageDemo */ = {
			isa = PBXGroup;
			children = (
				C3E5D8B429ECB9D2004B11BC /* CZWebImageAsyncAwait */,
				2A313D411FC642C300B1346D /* UI Layer */,
				2A313D401FC642BB00B1346D /* Data Layer */,
				2A4FFF171FC65BD60072653F /* Utils */,
				2A313D2E1FC642B200B1346D /* AppDelegate.swift */,
				2A313D351FC642B200B1346D /* Assets.xcassets */,
				2A313D321FC642B200B1346D /* Main.storyboard */,
				2A313D371FC642B200B1346D /* LaunchScreen.storyboard */,
				2A313D3A1FC642B200B1346D /* Info.plist */,
				2A313D5E1FC6534400B1346D /* feeds.json */,
			);
			path = CZWebImageDemo;
			sourceTree = "<group>";
		};
		2A313D401FC642BB00B1346D /* Data Layer */ = {
			isa = PBXGroup;
			children = (
				2A313D421FC642E500B1346D /* Feed.swift */,
				2A313D4B1FC644B200B1346D /* FeedsMocker.swift */,
			);
			path = "Data Layer";
			sourceTree = "<group>";
		};
		2A313D411FC642C300B1346D /* UI Layer */ = {
			isa = PBXGroup;
			children = (
				2A313D441FC6431E00B1346D /* FeedList */,
			);
			path = "UI Layer";
			sourceTree = "<group>";
		};
		2A313D441FC6431E00B1346D /* FeedList */ = {
			isa = PBXGroup;
			children = (
				2A313D651FC658D500B1346D /* Cell */,
				2A313D301FC642B200B1346D /* FeedListViewController.swift */,
				2A313D491FC6440500B1346D /* FeedListViewModel.swift */,
				2A313D471FC643C000B1346D /* FeedListTableDataSource.swift */,
			);
			path = FeedList;
			sourceTree = "<group>";
		};
		2A313D591FC6486400B1346D /* Extensions */ = {
			isa = PBXGroup;
			children = (
				2A313D5A1FC6488400B1346D /* UIScreen+Extension.swift */,
			);
			path = Extensions;
			sourceTree = "<group>";
		};
		2A313D651FC658D500B1346D /* Cell */ = {
			isa = PBXGroup;
			children = (
				2A313D451FC6433F00B1346D /* FeedListCell.swift */,
			);
			path = Cell;
			sourceTree = "<group>";
		};
		2A4FFF171FC65BD60072653F /* Utils */ = {
			isa = PBXGroup;
			children = (
				2A313D591FC6486400B1346D /* Extensions */,
			);
			path = Utils;
			sourceTree = "<group>";
		};
		C3E5D8B429ECB9D2004B11BC /* CZWebImageAsyncAwait */ = {
			isa = PBXGroup;
			children = (
				C3E5D8B529ECB9FC004B11BC /* URLSessionManager.swift */,
				C3E5D8B729ECBAC8004B11BC /* UIImageView+CZWebImage.swift */,
			);
			path = CZWebImageAsyncAwait;
			sourceTree = "<group>";
		};
		DF2C24862432190C006B8912 /* Frameworks */ = {
			isa = PBXGroup;
			children = (
			);
			name = Frameworks;
			sourceTree = "<group>";
		};
/* End PBXGroup section */

/* Begin PBXNativeTarget section */
		2A313D2A1FC642B200B1346D /* CZWebImageDemo */ = {
			isa = PBXNativeTarget;
			buildConfigurationList = 2A313D3D1FC642B200B1346D /* Build configuration list for PBXNativeTarget "CZWebImageDemo" */;
			buildPhases = (
				2A313D271FC642B200B1346D /* Sources */,
				2A313D281FC642B200B1346D /* Frameworks */,
				2A313D291FC642B200B1346D /* Resources */,
				C3F8436A263FC3F9002FCE68 /* Embed Frameworks */,
			);
			buildRules = (
			);
			dependencies = (
			);
			name = CZWebImageDemo;
			packageProductDependencies = (
				C35BB0E82446068600D21E42 /* CZWebImage */,
				C3F84367263FC3F9002FCE68 /* CZUtils */,
			);
			productName = CZWebImageDemo;
			productReference = 2A313D2B1FC642B200B1346D /* CZWebImageDemo.app */;
			productType = "com.apple.product-type.application";
		};
/* End PBXNativeTarget section */

/* Begin PBXProject section */
		2A313D231FC642B200B1346D /* Project object */ = {
			isa = PBXProject;
			attributes = {
				LastSwiftUpdateCheck = 0900;
				LastUpgradeCheck = 1010;
				ORGANIZATIONNAME = "Cheng Zhang";
				TargetAttributes = {
					2A313D2A1FC642B200B1346D = {
						CreatedOnToolsVersion = 9.0.1;
						ProvisioningStyle = Automatic;
					};
				};
			};
			buildConfigurationList = 2A313D261FC642B200B1346D /* Build configuration list for PBXProject "CZWebImageDemo" */;
			compatibilityVersion = "Xcode 8.0";
			developmentRegion = en;
			hasScannedForEncodings = 0;
			knownRegions = (
				en,
				Base,
			);
			mainGroup = 2A313D221FC642B200B1346D;
			packageReferences = (
				C3F84366263FC3F9002FCE68 /* XCRemoteSwiftPackageReference "CZUtils" */,
			);
			productRefGroup = 2A313D2C1FC642B200B1346D /* Products */;
			projectDirPath = "";
			projectRoot = "";
			targets = (
				2A313D2A1FC642B200B1346D /* CZWebImageDemo */,
			);
		};
/* End PBXProject section */

/* Begin PBXResourcesBuildPhase section */
		2A313D291FC642B200B1346D /* Resources */ = {
			isa = PBXResourcesBuildPhase;
			buildActionMask = 2147483647;
			files = (
				2A313D391FC642B200B1346D /* LaunchScreen.storyboard in Resources */,
				2A313D5F1FC6534400B1346D /* feeds.json in Resources */,
				2A313D361FC642B200B1346D /* Assets.xcassets in Resources */,
				2A313D341FC642B200B1346D /* Main.storyboard in Resources */,
			);
			runOnlyForDeploymentPostprocessing = 0;
		};
/* End PBXResourcesBuildPhase section */

/* Begin PBXSourcesBuildPhase section */
		2A313D271FC642B200B1346D /* Sources */ = {
			isa = PBXSourcesBuildPhase;
			buildActionMask = 2147483647;
			files = (
				C3E5D8B629ECB9FC004B11BC /* URLSessionManager.swift in Sources */,
				2A313D311FC642B200B1346D /* FeedListViewController.swift in Sources */,
				2A313D5B1FC6488400B1346D /* UIScreen+Extension.swift in Sources */,
				2A313D461FC6433F00B1346D /* FeedListCell.swift in Sources */,
				2A313D4C1FC644B200B1346D /* FeedsMocker.swift in Sources */,
				2A313D481FC643C000B1346D /* FeedListTableDataSource.swift in Sources */,
				C3E5D8B829ECBAC8004B11BC /* UIImageView+CZWebImage.swift in Sources */,
				2A313D431FC642E500B1346D /* Feed.swift in Sources */,
				2A313D4A1FC6440500B1346D /* FeedListViewModel.swift in Sources */,
				2A313D2F1FC642B200B1346D /* AppDelegate.swift in Sources */,
			);
			runOnlyForDeploymentPostprocessing = 0;
		};
/* End PBXSourcesBuildPhase section */

/* Begin PBXVariantGroup section */
		2A313D321FC642B200B1346D /* Main.storyboard */ = {
			isa = PBXVariantGroup;
			children = (
				2A313D331FC642B200B1346D /* Base */,
			);
			name = Main.storyboard;
			sourceTree = "<group>";
		};
		2A313D371FC642B200B1346D /* LaunchScreen.storyboard */ = {
			isa = PBXVariantGroup;
			children = (
				2A313D381FC642B200B1346D /* Base */,
			);
			name = LaunchScreen.storyboard;
			sourceTree = "<group>";
		};
/* End PBXVariantGroup section */

/* Begin XCBuildConfiguration section */
		2A313D3B1FC642B200B1346D /* Debug */ = {
			isa = XCBuildConfiguration;
			buildSettings = {
				ALWAYS_SEARCH_USER_PATHS = NO;
				CLANG_ANALYZER_NONNULL = YES;
				CLANG_ANALYZER_NUMBER_OBJECT_CONVERSION = YES_AGGRESSIVE;
				CLANG_CXX_LANGUAGE_STANDARD = "gnu++14";
				CLANG_CXX_LIBRARY = "libc++";
				CLANG_ENABLE_MODULES = YES;
				CLANG_ENABLE_OBJC_ARC = YES;
				CLANG_WARN_BLOCK_CAPTURE_AUTORELEASING = YES;
				CLANG_WARN_BOOL_CONVERSION = YES;
				CLANG_WARN_COMMA = YES;
				CLANG_WARN_CONSTANT_CONVERSION = YES;
				CLANG_WARN_DEPRECATED_OBJC_IMPLEMENTATIONS = YES;
				CLANG_WARN_DIRECT_OBJC_ISA_USAGE = YES_ERROR;
				CLANG_WARN_DOCUMENTATION_COMMENTS = YES;
				CLANG_WARN_EMPTY_BODY = YES;
				CLANG_WARN_ENUM_CONVERSION = YES;
				CLANG_WARN_INFINITE_RECURSION = YES;
				CLANG_WARN_INT_CONVERSION = YES;
				CLANG_WARN_NON_LITERAL_NULL_CONVERSION = YES;
				CLANG_WARN_OBJC_IMPLICIT_RETAIN_SELF = YES;
				CLANG_WARN_OBJC_LITERAL_CONVERSION = YES;
				CLANG_WARN_OBJC_ROOT_CLASS = YES_ERROR;
				CLANG_WARN_RANGE_LOOP_ANALYSIS = YES;
				CLANG_WARN_STRICT_PROTOTYPES = YES;
				CLANG_WARN_SUSPICIOUS_MOVE = YES;
				CLANG_WARN_UNGUARDED_AVAILABILITY = YES_AGGRESSIVE;
				CLANG_WARN_UNREACHABLE_CODE = YES;
				CLANG_WARN__DUPLICATE_METHOD_MATCH = YES;
				CODE_SIGN_IDENTITY = "iPhone Developer";
				COPY_PHASE_STRIP = NO;
				DEBUG_INFORMATION_FORMAT = dwarf;
				ENABLE_STRICT_OBJC_MSGSEND = YES;
				ENABLE_TESTABILITY = YES;
				GCC_C_LANGUAGE_STANDARD = gnu11;
				GCC_DYNAMIC_NO_PIC = NO;
				GCC_NO_COMMON_BLOCKS = YES;
				GCC_OPTIMIZATION_LEVEL = 0;
				GCC_PREPROCESSOR_DEFINITIONS = (
					"DEBUG=1",
					"$(inherited)",
				);
				GCC_WARN_64_TO_32_BIT_CONVERSION = YES;
				GCC_WARN_ABOUT_RETURN_TYPE = YES_ERROR;
				GCC_WARN_UNDECLARED_SELECTOR = YES;
				GCC_WARN_UNINITIALIZED_AUTOS = YES_AGGRESSIVE;
				GCC_WARN_UNUSED_FUNCTION = YES;
				GCC_WARN_UNUSED_VARIABLE = YES;
				IPHONEOS_DEPLOYMENT_TARGET = 16.0;
				MTL_ENABLE_DEBUG_INFO = YES;
				ONLY_ACTIVE_ARCH = YES;
				SDKROOT = iphoneos;
				SWIFT_ACTIVE_COMPILATION_CONDITIONS = DEBUG;
				SWIFT_OPTIMIZATION_LEVEL = "-Onone";
			};
			name = Debug;
		};
		2A313D3C1FC642B200B1346D /* Release */ = {
			isa = XCBuildConfiguration;
			buildSettings = {
				ALWAYS_SEARCH_USER_PATHS = NO;
				CLANG_ANALYZER_NONNULL = YES;
				CLANG_ANALYZER_NUMBER_OBJECT_CONVERSION = YES_AGGRESSIVE;
				CLANG_CXX_LANGUAGE_STANDARD = "gnu++14";
				CLANG_CXX_LIBRARY = "libc++";
				CLANG_ENABLE_MODULES = YES;
				CLANG_ENABLE_OBJC_ARC = YES;
				CLANG_WARN_BLOCK_CAPTURE_AUTORELEASING = YES;
				CLANG_WARN_BOOL_CONVERSION = YES;
				CLANG_WARN_COMMA = YES;
				CLANG_WARN_CONSTANT_CONVERSION = YES;
				CLANG_WARN_DEPRECATED_OBJC_IMPLEMENTATIONS = YES;
				CLANG_WARN_DIRECT_OBJC_ISA_USAGE = YES_ERROR;
				CLANG_WARN_DOCUMENTATION_COMMENTS = YES;
				CLANG_WARN_EMPTY_BODY = YES;
				CLANG_WARN_ENUM_CONVERSION = YES;
				CLANG_WARN_INFINITE_RECURSION = YES;
				CLANG_WARN_INT_CONVERSION = YES;
				CLANG_WARN_NON_LITERAL_NULL_CONVERSION = YES;
				CLANG_WARN_OBJC_IMPLICIT_RETAIN_SELF = YES;
				CLANG_WARN_OBJC_LITERAL_CONVERSION = YES;
				CLANG_WARN_OBJC_ROOT_CLASS = YES_ERROR;
				CLANG_WARN_RANGE_LOOP_ANALYSIS = YES;
				CLANG_WARN_STRICT_PROTOTYPES = YES;
				CLANG_WARN_SUSPICIOUS_MOVE = YES;
				CLANG_WARN_UNGUARDED_AVAILABILITY = YES_AGGRESSIVE;
				CLANG_WARN_UNREACHABLE_CODE = YES;
				CLANG_WARN__DUPLICATE_METHOD_MATCH = YES;
				CODE_SIGN_IDENTITY = "iPhone Developer";
				COPY_PHASE_STRIP = NO;
				DEBUG_INFORMATION_FORMAT = "dwarf-with-dsym";
				ENABLE_NS_ASSERTIONS = NO;
				ENABLE_STRICT_OBJC_MSGSEND = YES;
				GCC_C_LANGUAGE_STANDARD = gnu11;
				GCC_NO_COMMON_BLOCKS = YES;
				GCC_WARN_64_TO_32_BIT_CONVERSION = YES;
				GCC_WARN_ABOUT_RETURN_TYPE = YES_ERROR;
				GCC_WARN_UNDECLARED_SELECTOR = YES;
				GCC_WARN_UNINITIALIZED_AUTOS = YES_AGGRESSIVE;
				GCC_WARN_UNUSED_FUNCTION = YES;
				GCC_WARN_UNUSED_VARIABLE = YES;
				IPHONEOS_DEPLOYMENT_TARGET = 16.0;
				MTL_ENABLE_DEBUG_INFO = NO;
				SDKROOT = iphoneos;
				SWIFT_COMPILATION_MODE = wholemodule;
				SWIFT_OPTIMIZATION_LEVEL = "-O";
				VALIDATE_PRODUCT = YES;
			};
			name = Release;
		};
		2A313D3E1FC642B200B1346D /* Debug */ = {
			isa = XCBuildConfiguration;
			buildSettings = {
				ASSETCATALOG_COMPILER_APPICON_NAME = AppIcon;
				CODE_SIGN_STYLE = Automatic;
				DEVELOPMENT_TEAM = 55RDUQ8X48;
				INFOPLIST_FILE = CZWebImageDemo/Info.plist;
				IPHONEOS_DEPLOYMENT_TARGET = 16.0;
				LD_RUNPATH_SEARCH_PATHS = (
					"$(inherited)",
					"@executable_path/Frameworks",
				);
				PRODUCT_BUNDLE_IDENTIFIER = com.tony.CZWebImageDemo;
				PRODUCT_NAME = "$(TARGET_NAME)";
				SWIFT_VERSION = 5.0;
				TARGETED_DEVICE_FAMILY = "1,2";
			};
			name = Debug;
		};
		2A313D3F1FC642B200B1346D /* Release */ = {
			isa = XCBuildConfiguration;
			buildSettings = {
				ASSETCATALOG_COMPILER_APPICON_NAME = AppIcon;
				CODE_SIGN_STYLE = Automatic;
				DEVELOPMENT_TEAM = 55RDUQ8X48;
				INFOPLIST_FILE = CZWebImageDemo/Info.plist;
				IPHONEOS_DEPLOYMENT_TARGET = 16.0;
				LD_RUNPATH_SEARCH_PATHS = (
					"$(inherited)",
					"@executable_path/Frameworks",
				);
				PRODUCT_BUNDLE_IDENTIFIER = com.tony.CZWebImageDemo;
				PRODUCT_NAME = "$(TARGET_NAME)";
				SWIFT_VERSION = 5.0;
				TARGETED_DEVICE_FAMILY = "1,2";
			};
			name = Release;
		};
/* End XCBuildConfiguration section */

/* Begin XCConfigurationList section */
		2A313D261FC642B200B1346D /* Build configuration list for PBXProject "CZWebImageDemo" */ = {
			isa = XCConfigurationList;
			buildConfigurations = (
				2A313D3B1FC642B200B1346D /* Debug */,
				2A313D3C1FC642B200B1346D /* Release */,
			);
			defaultConfigurationIsVisible = 0;
			defaultConfigurationName = Release;
		};
		2A313D3D1FC642B200B1346D /* Build configuration list for PBXNativeTarget "CZWebImageDemo" */ = {
			isa = XCConfigurationList;
			buildConfigurations = (
				2A313D3E1FC642B200B1346D /* Debug */,
				2A313D3F1FC642B200B1346D /* Release */,
			);
			defaultConfigurationIsVisible = 0;
			defaultConfigurationName = Release;
		};
/* End XCConfigurationList section */

/* Begin XCRemoteSwiftPackageReference section */
		C3F84366263FC3F9002FCE68 /* XCRemoteSwiftPackageReference "CZUtils" */ = {
			isa = XCRemoteSwiftPackageReference;
			repositoryURL = "https://github.com/geekaurora/CZUtils.git";
			requirement = {
				kind = upToNextMajorVersion;
				minimumVersion = 3.9.6;
			};
		};
/* End XCRemoteSwiftPackageReference section */

/* Begin XCSwiftPackageProductDependency section */
		C35BB0E82446068600D21E42 /* CZWebImage */ = {
			isa = XCSwiftPackageProductDependency;
			productName = CZWebImage;
		};
		C3F84367263FC3F9002FCE68 /* CZUtils */ = {
			isa = XCSwiftPackageProductDependency;
			package = C3F84366263FC3F9002FCE68 /* XCRemoteSwiftPackageReference "CZUtils" */;
			productName = CZUtils;
		};
/* End XCSwiftPackageProductDependency section */
	};
	rootObject = 2A313D231FC642B200B1346D /* Project object */;
}
